
Microsoft Visual Studio Solution File, Format Version 12.00
# Visual Studio Version 17
VisualStudioVersion = 17.0.31903.59
MinimumVisualStudioVersion = 10.0.40219.1
Project("{2150E333-8FDC-42A3-9474-1A3956D46DE8}") = "src", "src", "{827E0CD3-B72D-47B6-A68D-7590B98EB39B}"
EndProject
Project("{FAE04EC0-301F-11D3-BF4B-00C04F79EFBC}") = "MPCore.Application", "src\MPCore.Application\MPCore.Application.csproj", "{3E47EA72-5B70-4388-BA49-9B56C9EDC599}"
EndProject
Project("{FAE04EC0-301F-11D3-BF4B-00C04F79EFBC}") = "MPCore.Caching.Abstractions", "src\MPCore.Caching.Abstractions\MPCore.Caching.Abstractions.csproj", "{AAB4C1AB-571A-4536-BBE5-1F3F595BF994}"
EndProject
Project("{FAE04EC0-301F-11D3-BF4B-00C04F79EFBC}") = "MPCore.Caching.Memory", "src\MPCore.Caching.Memory\MPCore.Caching.Memory.csproj", "{56DEC60C-A8F5-4A7D-9CE8-8632B3C9FC10}"
EndProject
Project("{FAE04EC0-301F-11D3-BF4B-00C04F79EFBC}") = "MPCore.Domain", "src\MPCore.Domain\MPCore.Domain.csproj", "{4EE47467-70E5-4DF7-B1D4-D52CE419764C}"
EndProject
Project("{FAE04EC0-301F-11D3-BF4B-00C04F79EFBC}") = "MPCore.Hosting", "src\MPCore.Hosting\MPCore.Hosting.csproj", "{0BF6F54B-21EC-4920-98AA-AB56E0B9BA26}"
EndProject
Project("{FAE04EC0-301F-11D3-BF4B-00C04F79EFBC}") = "MPCore.Observability", "src\MPCore.Observability\MPCore.Observability.csproj", "{2E26B3A9-A142-4811-B045-8E8FA89822F1}"
EndProject
Project("{FAE04EC0-301F-11D3-BF4B-00C04F79EFBC}") = "MPCore.Messaging.Abstractions", "src\MPCore.Messaging.Abstractions\MPCore.Messaging.Abstractions.csproj", "{3384285C-6357-49DE-8CC4-DAC00B9B5B45}"
EndProject
Project("{FAE04EC0-301F-11D3-BF4B-00C04F79EFBC}") = "MPCore.Messaging.Wolverine", "src\MPCore.Messaging.Wolverine\MPCore.Messaging.Wolverine.csproj", "{2F07EDBD-B7B1-4305-8789-1BA24514B0FD}"
EndProject
Project("{FAE04EC0-301F-11D3-BF4B-00C04F79EFBC}") = "MPCore.Messaging.Wolverine.Kafka", "src\MPCore.Messaging.Wolverine.Kafka\MPCore.Messaging.Wolverine.Kafka.csproj", "{2A4AD6A7-46B0-487B-9BED-E7F65D429250}"
EndProject
Project("{FAE04EC0-301F-11D3-BF4B-00C04F79EFBC}") = "MPCore.Messaging.Wolverine.RabbitMQ", "src\MPCore.Messaging.Wolverine.RabbitMQ\MPCore.Messaging.Wolverine.RabbitMQ.csproj", "{4DF292A6-720C-46E2-BFBE-0F31AAA17693}"
EndProject
Project("{FAE04EC0-301F-11D3-BF4B-00C04F79EFBC}") = "MPCore.Persistence.Abstractions", "src\MPCore.Persistence.Abstractions\MPCore.Persistence.Abstractions.csproj", "{F8216667-56CB-48EC-95FB-25BE723C8AF7}"
EndProject
Project("{FAE04EC0-301F-11D3-BF4B-00C04F79EFBC}") = "MPCore.Persistence.EntityFrameworkCore.PostgreSql", "src\MPCore.Persistence.EntityFrameworkCore.PostgreSql\MPCore.Persistence.EntityFrameworkCore.PostgreSql.csproj", "{1C497DA1-C1C6-4DD2-AFD5-061CD0461E11}"
EndProject
Project("{2150E333-8FDC-42A3-9474-1A3956D46DE8}") = "tools", "tools", "{07C2787E-EAC7-C090-1BA3-A61EC2A24D84}"
EndProject
Project("{FAE04EC0-301F-11D3-BF4B-00C04F79EFBC}") = "MPCore.Cli", "tools\MPCore.Cli\MPCore.Cli.csproj", "{C577D149-D475-45BA-8017-F3BF3F7ADCCE}"
EndProject
Project("{FAE04EC0-301F-11D3-BF4B-00C04F79EFBC}") = "MPCore.Templates", "tools\MPCore.Templates\MPCore.Templates.csproj", "{3D985CE2-D398-4109-9568-669ADF801CAE}"
EndProject
Project("{2150E333-8FDC-42A3-9474-1A3956D46DE8}") = "tests", "tests", "{0AB3BF05-4346-4AA6-1389-037BE0695223}"
EndProject
Project("{FAE04EC0-301F-11D3-BF4B-00C04F79EFBC}") = "MPCore.Domain.Tests", "tests\MPCore.Domain.Tests\MPCore.Domain.Tests.csproj", "{D53FF620-7DCC-40DF-B463-244E76DBE08F}"
EndProject
Project("{FAE04EC0-301F-11D3-BF4B-00C04F79EFBC}") = "MPCore.Messaging.Tests", "tests\MPCore.Messaging.Tests\MPCore.Messaging.Tests.csproj", "{E43B87B1-7F92-4F85-A9A1-FF372B363364}"
EndProject
Project("{FAE04EC0-301F-11D3-BF4B-00C04F79EFBC}") = "MPCore.Transport.Grpc", "src\MPCore.Transport.Grpc\MPCore.Transport.Grpc.csproj", "{16091609-FBF6-4FE3-B1BC-A618BBBBEC0A}"
EndProject
Project("{FAE04EC0-301F-11D3-BF4B-00C04F79EFBC}") = "MPCore.Application.Tests", "tests\MPCore.Application.Tests\MPCore.Application.Tests.csproj", "{FFCCAD46-3472-421B-9584-8446AEDCEC73}"
EndProject
Project("{FAE04EC0-301F-11D3-BF4B-00C04F79EFBC}") = "MPCore.Transport.Grpc.Tests", "tests\MPCore.Transport.Grpc.Tests\MPCore.Transport.Grpc.Tests.csproj", "{B365C742-BF98-44EF-ADAF-CA3B31C68FD6}"
EndProject
Project("{FAE04EC0-301F-11D3-BF4B-00C04F79EFBC}") = "MPCore.Security.Abstractions", "src\MPCore.Security.Abstractions\MPCore.Security.Abstractions.csproj", "{51530079-9A60-4BFF-9D7A-D76056C0170D}"
EndProject
Project("{FAE04EC0-301F-11D3-BF4B-00C04F79EFBC}") = "MPCore.Security.AspNetCore", "src\MPCore.Security.AspNetCore\MPCore.Security.AspNetCore.csproj", "{8F68AC67-62B9-459C-BD51-A6843F0FCB31}"
EndProject
Project("{FAE04EC0-301F-11D3-BF4B-00C04F79EFBC}") = "MPCore.Transport.Http", "src\MPCore.Transport.Http\MPCore.Transport.Http.csproj", "{70986EA7-F361-47AD-AB34-AA19E2D0AC25}"
EndProject
Project("{FAE04EC0-301F-11D3-BF4B-00C04F79EFBC}") = "MPCore.Security.Tests", "tests\MPCore.Security.Tests\MPCore.Security.Tests.csproj", "{B8008868-A388-440D-A1F7-A1EC9F877391}"
EndProject
Project("{FAE04EC0-301F-11D3-BF4B-00C04F79EFBC}") = "MPCore.Transport.Http.Tests", "tests\MPCore.Transport.Http.Tests\MPCore.Transport.Http.Tests.csproj", "{0909D7CD-A928-471C-A08E-B6A4A33D0856}"
EndProject
Project("{FAE04EC0-301F-11D3-BF4B-00C04F79EFBC}") = "MPCore.Audit.Abstractions", "src\MPCore.Audit.Abstractions\MPCore.Audit.Abstractions.csproj", "{1E11E4DF-AC03-4F65-826B-CB6D7D7BFB91}"
EndProject
Project("{FAE04EC0-301F-11D3-BF4B-00C04F79EFBC}") = "MPCore.Audit.EntityFrameworkCore.PostgreSql", "src\MPCore.Audit.EntityFrameworkCore.PostgreSql\MPCore.Audit.EntityFrameworkCore.PostgreSql.csproj", "{34D66C76-B4E2-41E6-AECE-EA5BFC97D1CD}"
EndProject
Project("{FAE04EC0-301F-11D3-BF4B-00C04F79EFBC}") = "MPCore.Audit.Tests", "tests\MPCore.Audit.Tests\MPCore.Audit.Tests.csproj", "{036395C8-1BC4-4497-98E4-B6A754CD48B9}"
EndProject
Project("{FAE04EC0-301F-11D3-BF4B-00C04F79EFBC}") = "MPCore.Caching.Redis", "src\MPCore.Caching.Redis\MPCore.Caching.Redis.csproj", "{921F05C7-DC37-47DB-BBAE-09C662EF4A5C}"
EndProject
Project("{FAE04EC0-301F-11D3-BF4B-00C04F79EFBC}") = "MPCore.Caching.Hybrid", "src\MPCore.Caching.Hybrid\MPCore.Caching.Hybrid.csproj", "{24264D9D-D465-4FB8-9F5C-558B92D3B242}"
EndProject
Project("{FAE04EC0-301F-11D3-BF4B-00C04F79EFBC}") = "MPCore.Caching.Tests", "tests\MPCore.Caching.Tests\MPCore.Caching.Tests.csproj", "{ED44EDA8-62F8-4C9B-AE37-01C1E062871F}"
EndProject
Project("{FAE04EC0-301F-11D3-BF4B-00C04F79EFBC}") = "MPCore.Observability.Prometheus", "src\MPCore.Observability.Prometheus\MPCore.Observability.Prometheus.csproj", "{635CF209-0B71-4079-BE2E-9E75E4D6E675}"
EndProject
Project("{FAE04EC0-301F-11D3-BF4B-00C04F79EFBC}") = "MPCore.Observability.Tests", "tests\MPCore.Observability.Tests\MPCore.Observability.Tests.csproj", "{1D869F90-A535-4988-97A5-8D8A207161C2}"
EndProject
Project("{FAE04EC0-301F-11D3-BF4B-00C04F79EFBC}") = "MPCore.Persistence.Timescale", "src\MPCore.Persistence.Timescale\MPCore.Persistence.Timescale.csproj", "{7C397A66-C2AA-4B92-B3F4-D626ECD6CCA7}"
EndProject
Project("{FAE04EC0-301F-11D3-BF4B-00C04F79EFBC}") = "MPCore.Persistence.Timescale.Tests", "tests\MPCore.Persistence.Timescale.Tests\MPCore.Persistence.Timescale.Tests.csproj", "{9EA8A8B1-9C31-4401-BA8B-E227130C4F5D}"
EndProject
Project("{FAE04EC0-301F-11D3-BF4B-00C04F79EFBC}") = "MPCore.Tenancy.Abstractions", "src\MPCore.Tenancy.Abstractions\MPCore.Tenancy.Abstractions.csproj", "{BEB29423-F194-47DD-A8AE-A9A5EFE02251}"
EndProject
Project("{FAE04EC0-301F-11D3-BF4B-00C04F79EFBC}") = "MPCore.Resilience.Http", "src\MPCore.Resilience.Http\MPCore.Resilience.Http.csproj", "{4132D32D-7C92-4BA9-A9A6-104F658190B3}"
EndProject
Project("{FAE04EC0-301F-11D3-BF4B-00C04F79EFBC}") = "MPCore.Resilience.Tests", "tests\MPCore.Resilience.Tests\MPCore.Resilience.Tests.csproj", "{3FC90DDE-9CF8-4B3B-A0F6-F91580D137D6}"
EndProject
Project("{FAE04EC0-301F-11D3-BF4B-00C04F79EFBC}") = "MPCore.Persistence.Tests", "tests\MPCore.Persistence.Tests\MPCore.Persistence.Tests.csproj", "{EA8722CD-F851-4427-B4CF-581F9F579AA5}"
EndProject
Project("{FAE04EC0-301F-11D3-BF4B-00C04F79EFBC}") = "MPCore.Localization", "src\MPCore.Localization\MPCore.Localization.csproj", "{3FD3D6B9-1C37-450D-97DC-0BAEA26CB138}"
EndProject
Project("{FAE04EC0-301F-11D3-BF4B-00C04F79EFBC}") = "MPCore.Localization.EntityFrameworkCore.PostgreSql", "src\MPCore.Localization.EntityFrameworkCore.PostgreSql\MPCore.Localization.EntityFrameworkCore.PostgreSql.csproj", "{923410DF-871D-4D78-A372-7F7F135ED72A}"
EndProject
Project("{FAE04EC0-301F-11D3-BF4B-00C04F79EFBC}") = "MPCore.Localization.Tests", "tests\MPCore.Localization.Tests\MPCore.Localization.Tests.csproj", "{5FA14534-B627-4CCA-B217-4BEB6CE98B52}"
EndProject
Project("{FAE04EC0-301F-11D3-BF4B-00C04F79EFBC}") = "MPCore.Validation.FluentValidation", "src\MPCore.Validation.FluentValidation\MPCore.Validation.FluentValidation.csproj", "{DAA65084-BEAA-419A-B824-998999CE6A05}"
EndProject
Project("{FAE04EC0-301F-11D3-BF4B-00C04F79EFBC}") = "MPCore.Validation.Tests", "tests\MPCore.Validation.Tests\MPCore.Validation.Tests.csproj", "{F0EFE2B6-3F4F-4816-88F6-6863A1DAF250}"
EndProject
Project("{FAE04EC0-301F-11D3-BF4B-00C04F79EFBC}") = "MPCore.Idempotency.EntityFrameworkCore.PostgreSql", "src\MPCore.Idempotency.EntityFrameworkCore.PostgreSql\MPCore.Idempotency.EntityFrameworkCore.PostgreSql.csproj", "{CC25B5F1-D999-4327-889E-07E10DA6F159}"
EndProject
Project("{FAE04EC0-301F-11D3-BF4B-00C04F79EFBC}") = "MPCore.Idempotency.Tests", "tests\MPCore.Idempotency.Tests\MPCore.Idempotency.Tests.csproj", "{41977A12-776F-4998-9755-244B555EA3C4}"
EndProject
Global
	GlobalSection(SolutionConfigurationPlatforms) = preSolution
		Debug|Any CPU = Debug|Any CPU
		Debug|x64 = Debug|x64
		Debug|x86 = Debug|x86
		Release|Any CPU = Release|Any CPU
		Release|x64 = Release|x64
		Release|x86 = Release|x86
	EndGlobalSection
	GlobalSection(ProjectConfigurationPlatforms) = postSolution
		{3E47EA72-5B70-4388-BA49-9B56C9EDC599}.Debug|Any CPU.ActiveCfg = Debug|Any CPU
		{3E47EA72-5B70-4388-BA49-9B56C9EDC599}.Debug|Any CPU.Build.0 = Debug|Any CPU
		{3E47EA72-5B70-4388-BA49-9B56C9EDC599}.Debug|x64.ActiveCfg = Debug|Any CPU
		{3E47EA72-5B70-4388-BA49-9B56C9EDC599}.Debug|x64.Build.0 = Debug|Any CPU
		{3E47EA72-5B70-4388-BA49-9B56C9EDC599}.Debug|x86.ActiveCfg = Debug|Any CPU
		{3E47EA72-5B70-4388-BA49-9B56C9EDC599}.Debug|x86.Build.0 = Debug|Any CPU
		{3E47EA72-5B70-4388-BA49-9B56C9EDC599}.Release|Any CPU.ActiveCfg = Release|Any CPU
		{3E47EA72-5B70-4388-BA49-9B56C9EDC599}.Release|Any CPU.Build.0 = Release|Any CPU
		{3E47EA72-5B70-4388-BA49-9B56C9EDC599}.Release|x64.ActiveCfg = Release|Any CPU
		{3E47EA72-5B70-4388-BA49-9B56C9EDC599}.Release|x64.Build.0 = Release|Any CPU
		{3E47EA72-5B70-4388-BA49-9B56C9EDC599}.Release|x86.ActiveCfg = Release|Any CPU
		{3E47EA72-5B70-4388-BA49-9B56C9EDC599}.Release|x86.Build.0 = Release|Any CPU
		{AAB4C1AB-571A-4536-BBE5-1F3F595BF994}.Debug|Any CPU.ActiveCfg = Debug|Any CPU
		{AAB4C1AB-571A-4536-BBE5-1F3F595BF994}.Debug|Any CPU.Build.0 = Debug|Any CPU
		{AAB4C1AB-571A-4536-BBE5-1F3F595BF994}.Debug|x64.ActiveCfg = Debug|Any CPU
		{AAB4C1AB-571A-4536-BBE5-1F3F595BF994}.Debug|x64.Build.0 = Debug|Any CPU
		{AAB4C1AB-571A-4536-BBE5-1F3F595BF994}.Debug|x86.ActiveCfg = Debug|Any CPU
		{AAB4C1AB-571A-4536-BBE5-1F3F595BF994}.Debug|x86.Build.0 = Debug|Any CPU
		{AAB4C1AB-571A-4536-BBE5-1F3F595BF994}.Release|Any CPU.ActiveCfg = Release|Any CPU
		{AAB4C1AB-571A-4536-BBE5-1F3F595BF994}.Release|Any CPU.Build.0 = Release|Any CPU
		{AAB4C1AB-571A-4536-BBE5-1F3F595BF994}.Release|x64.ActiveCfg = Release|Any CPU
		{AAB4C1AB-571A-4536-BBE5-1F3F595BF994}.Release|x64.Build.0 = Release|Any CPU
		{AAB4C1AB-571A-4536-BBE5-1F3F595BF994}.Release|x86.ActiveCfg = Release|Any CPU
		{AAB4C1AB-571A-4536-BBE5-1F3F595BF994}.Release|x86.Build.0 = Release|Any CPU
		{56DEC60C-A8F5-4A7D-9CE8-8632B3C9FC10}.Debug|Any CPU.ActiveCfg = Debug|Any CPU
		{56DEC60C-A8F5-4A7D-9CE8-8632B3C9FC10}.Debug|Any CPU.Build.0 = Debug|Any CPU
		{56DEC60C-A8F5-4A7D-9CE8-8632B3C9FC10}.Debug|x64.ActiveCfg = Debug|Any CPU
		{56DEC60C-A8F5-4A7D-9CE8-8632B3C9FC10}.Debug|x64.Build.0 = Debug|Any CPU
		{56DEC60C-A8F5-4A7D-9CE8-8632B3C9FC10}.Debug|x86.ActiveCfg = Debug|Any CPU
		{56DEC60C-A8F5-4A7D-9CE8-8632B3C9FC10}.Debug|x86.Build.0 = Debug|Any CPU
		{56DEC60C-A8F5-4A7D-9CE8-8632B3C9FC10}.Release|Any CPU.ActiveCfg = Release|Any CPU
		{56DEC60C-A8F5-4A7D-9CE8-8632B3C9FC10}.Release|Any CPU.Build.0 = Release|Any CPU
		{56DEC60C-A8F5-4A7D-9CE8-8632B3C9FC10}.Release|x64.ActiveCfg = Release|Any CPU
		{56DEC60C-A8F5-4A7D-9CE8-8632B3C9FC10}.Release|x64.Build.0 = Release|Any CPU
		{56DEC60C-A8F5-4A7D-9CE8-8632B3C9FC10}.Release|x86.ActiveCfg = Release|Any CPU
		{56DEC60C-A8F5-4A7D-9CE8-8632B3C9FC10}.Release|x86.Build.0 = Release|Any CPU
		{4EE47467-70E5-4DF7-B1D4-D52CE419764C}.Debug|Any CPU.ActiveCfg = Debug|Any CPU
		{4EE47467-70E5-4DF7-B1D4-D52CE419764C}.Debug|Any CPU.Build.0 = Debug|Any CPU
		{4EE47467-70E5-4DF7-B1D4-D52CE419764C}.Debug|x64.ActiveCfg = Debug|Any CPU
		{4EE47467-70E5-4DF7-B1D4-D52CE419764C}.Debug|x64.Build.0 = Debug|Any CPU
		{4EE47467-70E5-4DF7-B1D4-D52CE419764C}.Debug|x86.ActiveCfg = Debug|Any CPU
		{4EE47467-70E5-4DF7-B1D4-D52CE419764C}.Debug|x86.Build.0 = Debug|Any CPU
		{4EE47467-70E5-4DF7-B1D4-D52CE419764C}.Release|Any CPU.ActiveCfg = Release|Any CPU
		{4EE47467-70E5-4DF7-B1D4-D52CE419764C}.Release|Any CPU.Build.0 = Release|Any CPU
		{4EE47467-70E5-4DF7-B1D4-D52CE419764C}.Release|x64.ActiveCfg = Release|Any CPU
		{4EE47467-70E5-4DF7-B1D4-D52CE419764C}.Release|x64.Build.0 = Release|Any CPU
		{4EE47467-70E5-4DF7-B1D4-D52CE419764C}.Release|x86.ActiveCfg = Release|Any CPU
		{4EE47467-70E5-4DF7-B1D4-D52CE419764C}.Release|x86.Build.0 = Release|Any CPU
		{0BF6F54B-21EC-4920-98AA-AB56E0B9BA26}.Debug|Any CPU.ActiveCfg = Debug|Any CPU
		{0BF6F54B-21EC-4920-98AA-AB56E0B9BA26}.Debug|Any CPU.Build.0 = Debug|Any CPU
		{0BF6F54B-21EC-4920-98AA-AB56E0B9BA26}.Debug|x64.ActiveCfg = Debug|Any CPU
		{0BF6F54B-21EC-4920-98AA-AB56E0B9BA26}.Debug|x64.Build.0 = Debug|Any CPU
		{0BF6F54B-21EC-4920-98AA-AB56E0B9BA26}.Debug|x86.ActiveCfg = Debug|Any CPU
		{0BF6F54B-21EC-4920-98AA-AB56E0B9BA26}.Debug|x86.Build.0 = Debug|Any CPU
		{0BF6F54B-21EC-4920-98AA-AB56E0B9BA26}.Release|Any CPU.ActiveCfg = Release|Any CPU
		{0BF6F54B-21EC-4920-98AA-AB56E0B9BA26}.Release|Any CPU.Build.0 = Release|Any CPU
		{0BF6F54B-21EC-4920-98AA-AB56E0B9BA26}.Release|x64.ActiveCfg = Release|Any CPU
		{0BF6F54B-21EC-4920-98AA-AB56E0B9BA26}.Release|x64.Build.0 = Release|Any CPU
		{0BF6F54B-21EC-4920-98AA-AB56E0B9BA26}.Release|x86.ActiveCfg = Release|Any CPU
		{0BF6F54B-21EC-4920-98AA-AB56E0B9BA26}.Release|x86.Build.0 = Release|Any CPU
		{2E26B3A9-A142-4811-B045-8E8FA89822F1}.Debug|Any CPU.ActiveCfg = Debug|Any CPU
		{2E26B3A9-A142-4811-B045-8E8FA89822F1}.Debug|Any CPU.Build.0 = Debug|Any CPU
		{2E26B3A9-A142-4811-B045-8E8FA89822F1}.Debug|x64.ActiveCfg = Debug|Any CPU
		{2E26B3A9-A142-4811-B045-8E8FA89822F1}.Debug|x64.Build.0 = Debug|Any CPU
		{2E26B3A9-A142-4811-B045-8E8FA89822F1}.Debug|x86.ActiveCfg = Debug|Any CPU
		{2E26B3A9-A142-4811-B045-8E8FA89822F1}.Debug|x86.Build.0 = Debug|Any CPU
		{2E26B3A9-A142-4811-B045-8E8FA89822F1}.Release|Any CPU.ActiveCfg = Release|Any CPU
		{2E26B3A9-A142-4811-B045-8E8FA89822F1}.Release|Any CPU.Build.0 = Release|Any CPU
		{2E26B3A9-A142-4811-B045-8E8FA89822F1}.Release|x64.ActiveCfg = Release|Any CPU
		{2E26B3A9-A142-4811-B045-8E8FA89822F1}.Release|x64.Build.0 = Release|Any CPU
		{2E26B3A9-A142-4811-B045-8E8FA89822F1}.Release|x86.ActiveCfg = Release|Any CPU
		{2E26B3A9-A142-4811-B045-8E8FA89822F1}.Release|x86.Build.0 = Release|Any CPU
		{3384285C-6357-49DE-8CC4-DAC00B9B5B45}.Debug|Any CPU.ActiveCfg = Debug|Any CPU
		{3384285C-6357-49DE-8CC4-DAC00B9B5B45}.Debug|Any CPU.Build.0 = Debug|Any CPU
		{3384285C-6357-49DE-8CC4-DAC00B9B5B45}.Debug|x64.ActiveCfg = Debug|Any CPU
		{3384285C-6357-49DE-8CC4-DAC00B9B5B45}.Debug|x64.Build.0 = Debug|Any CPU
		{3384285C-6357-49DE-8CC4-DAC00B9B5B45}.Debug|x86.ActiveCfg = Debug|Any CPU
		{3384285C-6357-49DE-8CC4-DAC00B9B5B45}.Debug|x86.Build.0 = Debug|Any CPU
		{3384285C-6357-49DE-8CC4-DAC00B9B5B45}.Release|Any CPU.ActiveCfg = Release|Any CPU
		{3384285C-6357-49DE-8CC4-DAC00B9B5B45}.Release|Any CPU.Build.0 = Release|Any CPU
		{3384285C-6357-49DE-8CC4-DAC00B9B5B45}.Release|x64.ActiveCfg = Release|Any CPU
		{3384285C-6357-49DE-8CC4-DAC00B9B5B45}.Release|x64.Build.0 = Release|Any CPU
		{3384285C-6357-49DE-8CC4-DAC00B9B5B45}.Release|x86.ActiveCfg = Release|Any CPU
		{3384285C-6357-49DE-8CC4-DAC00B9B5B45}.Release|x86.Build.0 = Release|Any CPU
		{2F07EDBD-B7B1-4305-8789-1BA24514B0FD}.Debug|Any CPU.ActiveCfg = Debug|Any CPU
		{2F07EDBD-B7B1-4305-8789-1BA24514B0FD}.Debug|Any CPU.Build.0 = Debug|Any CPU
		{2F07EDBD-B7B1-4305-8789-1BA24514B0FD}.Debug|x64.ActiveCfg = Debug|Any CPU
		{2F07EDBD-B7B1-4305-8789-1BA24514B0FD}.Debug|x64.Build.0 = Debug|Any CPU
		{2F07EDBD-B7B1-4305-8789-1BA24514B0FD}.Debug|x86.ActiveCfg = Debug|Any CPU
		{2F07EDBD-B7B1-4305-8789-1BA24514B0FD}.Debug|x86.Build.0 = Debug|Any CPU
		{2F07EDBD-B7B1-4305-8789-1BA24514B0FD}.Release|Any CPU.ActiveCfg = Release|Any CPU
		{2F07EDBD-B7B1-4305-8789-1BA24514B0FD}.Release|Any CPU.Build.0 = Release|Any CPU
		{2F07EDBD-B7B1-4305-8789-1BA24514B0FD}.Release|x64.ActiveCfg = Release|Any CPU
		{2F07EDBD-B7B1-4305-8789-1BA24514B0FD}.Release|x64.Build.0 = Release|Any CPU
		{2F07EDBD-B7B1-4305-8789-1BA24514B0FD}.Release|x86.ActiveCfg = Release|Any CPU
		{2F07EDBD-B7B1-4305-8789-1BA24514B0FD}.Release|x86.Build.0 = Release|Any CPU
		{2A4AD6A7-46B0-487B-9BED-E7F65D429250}.Debug|Any CPU.ActiveCfg = Debug|Any CPU
		{2A4AD6A7-46B0-487B-9BED-E7F65D429250}.Debug|Any CPU.Build.0 = Debug|Any CPU
		{2A4AD6A7-46B0-487B-9BED-E7F65D429250}.Debug|x64.ActiveCfg = Debug|Any CPU
		{2A4AD6A7-46B0-487B-9BED-E7F65D429250}.Debug|x64.Build.0 = Debug|Any CPU
		{2A4AD6A7-46B0-487B-9BED-E7F65D429250}.Debug|x86.ActiveCfg = Debug|Any CPU
		{2A4AD6A7-46B0-487B-9BED-E7F65D429250}.Debug|x86.Build.0 = Debug|Any CPU
		{2A4AD6A7-46B0-487B-9BED-E7F65D429250}.Release|Any CPU.ActiveCfg = Release|Any CPU
		{2A4AD6A7-46B0-487B-9BED-E7F65D429250}.Release|Any CPU.Build.0 = Release|Any CPU
		{2A4AD6A7-46B0-487B-9BED-E7F65D429250}.Release|x64.ActiveCfg = Release|Any CPU
		{2A4AD6A7-46B0-487B-9BED-E7F65D429250}.Release|x64.Build.0 = Release|Any CPU
		{2A4AD6A7-46B0-487B-9BED-E7F65D429250}.Release|x86.ActiveCfg = Release|Any CPU
		{2A4AD6A7-46B0-487B-9BED-E7F65D429250}.Release|x86.Build.0 = Release|Any CPU
		{4DF292A6-720C-46E2-BFBE-0F31AAA17693}.Debug|Any CPU.ActiveCfg = Debug|Any CPU
		{4DF292A6-720C-46E2-BFBE-0F31AAA17693}.Debug|Any CPU.Build.0 = Debug|Any CPU
		{4DF292A6-720C-46E2-BFBE-0F31AAA17693}.Debug|x64.ActiveCfg = Debug|Any CPU
		{4DF292A6-720C-46E2-BFBE-0F31AAA17693}.Debug|x64.Build.0 = Debug|Any CPU
		{4DF292A6-720C-46E2-BFBE-0F31AAA17693}.Debug|x86.ActiveCfg = Debug|Any CPU
		{4DF292A6-720C-46E2-BFBE-0F31AAA17693}.Debug|x86.Build.0 = Debug|Any CPU
		{4DF292A6-720C-46E2-BFBE-0F31AAA17693}.Release|Any CPU.ActiveCfg = Release|Any CPU
		{4DF292A6-720C-46E2-BFBE-0F31AAA17693}.Release|Any CPU.Build.0 = Release|Any CPU
		{4DF292A6-720C-46E2-BFBE-0F31AAA17693}.Release|x64.ActiveCfg = Release|Any CPU
		{4DF292A6-720C-46E2-BFBE-0F31AAA17693}.Release|x64.Build.0 = Release|Any CPU
		{4DF292A6-720C-46E2-BFBE-0F31AAA17693}.Release|x86.ActiveCfg = Release|Any CPU
		{4DF292A6-720C-46E2-BFBE-0F31AAA17693}.Release|x86.Build.0 = Release|Any CPU
		{F8216667-56CB-48EC-95FB-25BE723C8AF7}.Debug|Any CPU.ActiveCfg = Debug|Any CPU
		{F8216667-56CB-48EC-95FB-25BE723C8AF7}.Debug|Any CPU.Build.0 = Debug|Any CPU
		{F8216667-56CB-48EC-95FB-25BE723C8AF7}.Debug|x64.ActiveCfg = Debug|Any CPU
		{F8216667-56CB-48EC-95FB-25BE723C8AF7}.Debug|x64.Build.0 = Debug|Any CPU
		{F8216667-56CB-48EC-95FB-25BE723C8AF7}.Debug|x86.ActiveCfg = Debug|Any CPU
		{F8216667-56CB-48EC-95FB-25BE723C8AF7}.Debug|x86.Build.0 = Debug|Any CPU
		{F8216667-56CB-48EC-95FB-25BE723C8AF7}.Release|Any CPU.ActiveCfg = Release|Any CPU
		{F8216667-56CB-48EC-95FB-25BE723C8AF7}.Release|Any CPU.Build.0 = Release|Any CPU
		{F8216667-56CB-48EC-95FB-25BE723C8AF7}.Release|x64.ActiveCfg = Release|Any CPU
		{F8216667-56CB-48EC-95FB-25BE723C8AF7}.Release|x64.Build.0 = Release|Any CPU
		{F8216667-56CB-48EC-95FB-25BE723C8AF7}.Release|x86.ActiveCfg = Release|Any CPU
		{F8216667-56CB-48EC-95FB-25BE723C8AF7}.Release|x86.Build.0 = Release|Any CPU
		{1C497DA1-C1C6-4DD2-AFD5-061CD0461E11}.Debug|Any CPU.ActiveCfg = Debug|Any CPU
		{1C497DA1-C1C6-4DD2-AFD5-061CD0461E11}.Debug|Any CPU.Build.0 = Debug|Any CPU
		{1C497DA1-C1C6-4DD2-AFD5-061CD0461E11}.Debug|x64.ActiveCfg = Debug|Any CPU
		{1C497DA1-C1C6-4DD2-AFD5-061CD0461E11}.Debug|x64.Build.0 = Debug|Any CPU
		{1C497DA1-C1C6-4DD2-AFD5-061CD0461E11}.Debug|x86.ActiveCfg = Debug|Any CPU
		{1C497DA1-C1C6-4DD2-AFD5-061CD0461E11}.Debug|x86.Build.0 = Debug|Any CPU
		{1C497DA1-C1C6-4DD2-AFD5-061CD0461E11}.Release|Any CPU.ActiveCfg = Release|Any CPU
		{1C497DA1-C1C6-4DD2-AFD5-061CD0461E11}.Release|Any CPU.Build.0 = Release|Any CPU
		{1C497DA1-C1C6-4DD2-AFD5-061CD0461E11}.Release|x64.ActiveCfg = Release|Any CPU
		{1C497DA1-C1C6-4DD2-AFD5-061CD0461E11}.Release|x64.Build.0 = Release|Any CPU
		{1C497DA1-C1C6-4DD2-AFD5-061CD0461E11}.Release|x86.ActiveCfg = Release|Any CPU
		{1C497DA1-C1C6-4DD2-AFD5-061CD0461E11}.Release|x86.Build.0 = Release|Any CPU
		{C577D149-D475-45BA-8017-F3BF3F7ADCCE}.Debug|Any CPU.ActiveCfg = Debug|Any CPU
		{C577D149-D475-45BA-8017-F3BF3F7ADCCE}.Debug|Any CPU.Build.0 = Debug|Any CPU
		{C577D149-D475-45BA-8017-F3BF3F7ADCCE}.Debug|x64.ActiveCfg = Debug|Any CPU
		{C577D149-D475-45BA-8017-F3BF3F7ADCCE}.Debug|x64.Build.0 = Debug|Any CPU
		{C577D149-D475-45BA-8017-F3BF3F7ADCCE}.Debug|x86.ActiveCfg = Debug|Any CPU
		{C577D149-D475-45BA-8017-F3BF3F7ADCCE}.Debug|x86.Build.0 = Debug|Any CPU
		{C577D149-D475-45BA-8017-F3BF3F7ADCCE}.Release|Any CPU.ActiveCfg = Release|Any CPU
		{C577D149-D475-45BA-8017-F3BF3F7ADCCE}.Release|Any CPU.Build.0 = Release|Any CPU
		{C577D149-D475-45BA-8017-F3BF3F7ADCCE}.Release|x64.ActiveCfg = Release|Any CPU
		{C577D149-D475-45BA-8017-F3BF3F7ADCCE}.Release|x64.Build.0 = Release|Any CPU
		{C577D149-D475-45BA-8017-F3BF3F7ADCCE}.Release|x86.ActiveCfg = Release|Any CPU
		{C577D149-D475-45BA-8017-F3BF3F7ADCCE}.Release|x86.Build.0 = Release|Any CPU
		{3D985CE2-D398-4109-9568-669ADF801CAE}.Debug|Any CPU.ActiveCfg = Debug|Any CPU
		{3D985CE2-D398-4109-9568-669ADF801CAE}.Debug|Any CPU.Build.0 = Debug|Any CPU
		{3D985CE2-D398-4109-9568-669ADF801CAE}.Debug|x64.ActiveCfg = Debug|Any CPU
		{3D985CE2-D398-4109-9568-669ADF801CAE}.Debug|x64.Build.0 = Debug|Any CPU
		{3D985CE2-D398-4109-9568-669ADF801CAE}.Debug|x86.ActiveCfg = Debug|Any CPU
		{3D985CE2-D398-4109-9568-669ADF801CAE}.Debug|x86.Build.0 = Debug|Any CPU
		{3D985CE2-D398-4109-9568-669ADF801CAE}.Release|Any CPU.ActiveCfg = Release|Any CPU
		{3D985CE2-D398-4109-9568-669ADF801CAE}.Release|Any CPU.Build.0 = Release|Any CPU
		{3D985CE2-D398-4109-9568-669ADF801CAE}.Release|x64.ActiveCfg = Release|Any CPU
		{3D985CE2-D398-4109-9568-669ADF801CAE}.Release|x64.Build.0 = Release|Any CPU
		{3D985CE2-D398-4109-9568-669ADF801CAE}.Release|x86.ActiveCfg = Release|Any CPU
		{3D985CE2-D398-4109-9568-669ADF801CAE}.Release|x86.Build.0 = Release|Any CPU
		{D53FF620-7DCC-40DF-B463-244E76DBE08F}.Debug|Any CPU.ActiveCfg = Debug|Any CPU
		{D53FF620-7DCC-40DF-B463-244E76DBE08F}.Debug|Any CPU.Build.0 = Debug|Any CPU
		{D53FF620-7DCC-40DF-B463-244E76DBE08F}.Debug|x64.ActiveCfg = Debug|Any CPU
		{D53FF620-7DCC-40DF-B463-244E76DBE08F}.Debug|x64.Build.0 = Debug|Any CPU
		{D53FF620-7DCC-40DF-B463-244E76DBE08F}.Debug|x86.ActiveCfg = Debug|Any CPU
		{D53FF620-7DCC-40DF-B463-244E76DBE08F}.Debug|x86.Build.0 = Debug|Any CPU
		{D53FF620-7DCC-40DF-B463-244E76DBE08F}.Release|Any CPU.ActiveCfg = Release|Any CPU
		{D53FF620-7DCC-40DF-B463-244E76DBE08F}.Release|Any CPU.Build.0 = Release|Any CPU
		{D53FF620-7DCC-40DF-B463-244E76DBE08F}.Release|x64.ActiveCfg = Release|Any CPU
		{D53FF620-7DCC-40DF-B463-244E76DBE08F}.Release|x64.Build.0 = Release|Any CPU
		{D53FF620-7DCC-40DF-B463-244E76DBE08F}.Release|x86.ActiveCfg = Release|Any CPU
		{D53FF620-7DCC-40DF-B463-244E76DBE08F}.Release|x86.Build.0 = Release|Any CPU
		{E43B87B1-7F92-4F85-A9A1-FF372B363364}.Debug|Any CPU.ActiveCfg = Debug|Any CPU
		{E43B87B1-7F92-4F85-A9A1-FF372B363364}.Debug|Any CPU.Build.0 = Debug|Any CPU
		{E43B87B1-7F92-4F85-A9A1-FF372B363364}.Debug|x64.ActiveCfg = Debug|Any CPU
		{E43B87B1-7F92-4F85-A9A1-FF372B363364}.Debug|x64.Build.0 = Debug|Any CPU
		{E43B87B1-7F92-4F85-A9A1-FF372B363364}.Debug|x86.ActiveCfg = Debug|Any CPU
		{E43B87B1-7F92-4F85-A9A1-FF372B363364}.Debug|x86.Build.0 = Debug|Any CPU
		{E43B87B1-7F92-4F85-A9A1-FF372B363364}.Release|Any CPU.ActiveCfg = Release|Any CPU
		{E43B87B1-7F92-4F85-A9A1-FF372B363364}.Release|Any CPU.Build.0 = Release|Any CPU
		{E43B87B1-7F92-4F85-A9A1-FF372B363364}.Release|x64.ActiveCfg = Release|Any CPU
		{E43B87B1-7F92-4F85-A9A1-FF372B363364}.Release|x64.Build.0 = Release|Any CPU
		{E43B87B1-7F92-4F85-A9A1-FF372B363364}.Release|x86.ActiveCfg = Release|Any CPU
		{E43B87B1-7F92-4F85-A9A1-FF372B363364}.Release|x86.Build.0 = Release|Any CPU
		{16091609-FBF6-4FE3-B1BC-A618BBBBEC0A}.Debug|Any CPU.ActiveCfg = Debug|Any CPU
		{16091609-FBF6-4FE3-B1BC-A618BBBBEC0A}.Debug|Any CPU.Build.0 = Debug|Any CPU
		{16091609-FBF6-4FE3-B1BC-A618BBBBEC0A}.Debug|x64.ActiveCfg = Debug|Any CPU
		{16091609-FBF6-4FE3-B1BC-A618BBBBEC0A}.Debug|x64.Build.0 = Debug|Any CPU
		{16091609-FBF6-4FE3-B1BC-A618BBBBEC0A}.Debug|x86.ActiveCfg = Debug|Any CPU
		{16091609-FBF6-4FE3-B1BC-A618BBBBEC0A}.Debug|x86.Build.0 = Debug|Any CPU
		{16091609-FBF6-4FE3-B1BC-A618BBBBEC0A}.Release|Any CPU.ActiveCfg = Release|Any CPU
		{16091609-FBF6-4FE3-B1BC-A618BBBBEC0A}.Release|Any CPU.Build.0 = Release|Any CPU
		{16091609-FBF6-4FE3-B1BC-A618BBBBEC0A}.Release|x64.ActiveCfg = Release|Any CPU
		{16091609-FBF6-4FE3-B1BC-A618BBBBEC0A}.Release|x64.Build.0 = Release|Any CPU
		{16091609-FBF6-4FE3-B1BC-A618BBBBEC0A}.Release|x86.ActiveCfg = Release|Any CPU
		{16091609-FBF6-4FE3-B1BC-A618BBBBEC0A}.Release|x86.Build.0 = Release|Any CPU
		{FFCCAD46-3472-421B-9584-8446AEDCEC73}.Debug|Any CPU.ActiveCfg = Debug|Any CPU
		{FFCCAD46-3472-421B-9584-8446AEDCEC73}.Debug|Any CPU.Build.0 = Debug|Any CPU
		{FFCCAD46-3472-421B-9584-8446AEDCEC73}.Debug|x64.ActiveCfg = Debug|Any CPU
		{FFCCAD46-3472-421B-9584-8446AEDCEC73}.Debug|x64.Build.0 = Debug|Any CPU
		{FFCCAD46-3472-421B-9584-8446AEDCEC73}.Debug|x86.ActiveCfg = Debug|Any CPU
		{FFCCAD46-3472-421B-9584-8446AEDCEC73}.Debug|x86.Build.0 = Debug|Any CPU
		{FFCCAD46-3472-421B-9584-8446AEDCEC73}.Release|Any CPU.ActiveCfg = Release|Any CPU
		{FFCCAD46-3472-421B-9584-8446AEDCEC73}.Release|Any CPU.Build.0 = Release|Any CPU
		{FFCCAD46-3472-421B-9584-8446AEDCEC73}.Release|x64.ActiveCfg = Release|Any CPU
		{FFCCAD46-3472-421B-9584-8446AEDCEC73}.Release|x64.Build.0 = Release|Any CPU
		{FFCCAD46-3472-421B-9584-8446AEDCEC73}.Release|x86.ActiveCfg = Release|Any CPU
		{FFCCAD46-3472-421B-9584-8446AEDCEC73}.Release|x86.Build.0 = Release|Any CPU
		{B365C742-BF98-44EF-ADAF-CA3B31C68FD6}.Debug|Any CPU.ActiveCfg = Debug|Any CPU
		{B365C742-BF98-44EF-ADAF-CA3B31C68FD6}.Debug|Any CPU.Build.0 = Debug|Any CPU
		{B365C742-BF98-44EF-ADAF-CA3B31C68FD6}.Debug|x64.ActiveCfg = Debug|Any CPU
		{B365C742-BF98-44EF-ADAF-CA3B31C68FD6}.Debug|x64.Build.0 = Debug|Any CPU
		{B365C742-BF98-44EF-ADAF-CA3B31C68FD6}.Debug|x86.ActiveCfg = Debug|Any CPU
		{B365C742-BF98-44EF-ADAF-CA3B31C68FD6}.Debug|x86.Build.0 = Debug|Any CPU
		{B365C742-BF98-44EF-ADAF-CA3B31C68FD6}.Release|Any CPU.ActiveCfg = Release|Any CPU
		{B365C742-BF98-44EF-ADAF-CA3B31C68FD6}.Release|Any CPU.Build.0 = Release|Any CPU
		{B365C742-BF98-44EF-ADAF-CA3B31C68FD6}.Release|x64.ActiveCfg = Release|Any CPU
		{B365C742-BF98-44EF-ADAF-CA3B31C68FD6}.Release|x64.Build.0 = Release|Any CPU
		{B365C742-BF98-44EF-ADAF-CA3B31C68FD6}.Release|x86.ActiveCfg = Release|Any CPU
		{B365C742-BF98-44EF-ADAF-CA3B31C68FD6}.Release|x86.Build.0 = Release|Any CPU
		{51530079-9A60-4BFF-9D7A-D76056C0170D}.Debug|Any CPU.ActiveCfg = Debug|Any CPU
		{51530079-9A60-4BFF-9D7A-D76056C0170D}.Debug|Any CPU.Build.0 = Debug|Any CPU
		{51530079-9A60-4BFF-9D7A-D76056C0170D}.Debug|x64.ActiveCfg = Debug|Any CPU
		{51530079-9A60-4BFF-9D7A-D76056C0170D}.Debug|x64.Build.0 = Debug|Any CPU
		{51530079-9A60-4BFF-9D7A-D76056C0170D}.Debug|x86.ActiveCfg = Debug|Any CPU
		{51530079-9A60-4BFF-9D7A-D76056C0170D}.Debug|x86.Build.0 = Debug|Any CPU
		{51530079-9A60-4BFF-9D7A-D76056C0170D}.Release|Any CPU.ActiveCfg = Release|Any CPU
		{51530079-9A60-4BFF-9D7A-D76056C0170D}.Release|Any CPU.Build.0 = Release|Any CPU
		{51530079-9A60-4BFF-9D7A-D76056C0170D}.Release|x64.ActiveCfg = Release|Any CPU
		{51530079-9A60-4BFF-9D7A-D76056C0170D}.Release|x64.Build.0 = Release|Any CPU
		{51530079-9A60-4BFF-9D7A-D76056C0170D}.Release|x86.ActiveCfg = Release|Any CPU
		{51530079-9A60-4BFF-9D7A-D76056C0170D}.Release|x86.Build.0 = Release|Any CPU
		{8F68AC67-62B9-459C-BD51-A6843F0FCB31}.Debug|Any CPU.ActiveCfg = Debug|Any CPU
		{8F68AC67-62B9-459C-BD51-A6843F0FCB31}.Debug|Any CPU.Build.0 = Debug|Any CPU
		{8F68AC67-62B9-459C-BD51-A6843F0FCB31}.Debug|x64.ActiveCfg = Debug|Any CPU
		{8F68AC67-62B9-459C-BD51-A6843F0FCB31}.Debug|x64.Build.0 = Debug|Any CPU
		{8F68AC67-62B9-459C-BD51-A6843F0FCB31}.Debug|x86.ActiveCfg = Debug|Any CPU
		{8F68AC67-62B9-459C-BD51-A6843F0FCB31}.Debug|x86.Build.0 = Debug|Any CPU
		{8F68AC67-62B9-459C-BD51-A6843F0FCB31}.Release|Any CPU.ActiveCfg = Release|Any CPU
		{8F68AC67-62B9-459C-BD51-A6843F0FCB31}.Release|Any CPU.Build.0 = Release|Any CPU
		{8F68AC67-62B9-459C-BD51-A6843F0FCB31}.Release|x64.ActiveCfg = Release|Any CPU
		{8F68AC67-62B9-459C-BD51-A6843F0FCB31}.Release|x64.Build.0 = Release|Any CPU
		{8F68AC67-62B9-459C-BD51-A6843F0FCB31}.Release|x86.ActiveCfg = Release|Any CPU
		{8F68AC67-62B9-459C-BD51-A6843F0FCB31}.Release|x86.Build.0 = Release|Any CPU
		{70986EA7-F361-47AD-AB34-AA19E2D0AC25}.Debug|Any CPU.ActiveCfg = Debug|Any CPU
		{70986EA7-F361-47AD-AB34-AA19E2D0AC25}.Debug|Any CPU.Build.0 = Debug|Any CPU
		{70986EA7-F361-47AD-AB34-AA19E2D0AC25}.Debug|x64.ActiveCfg = Debug|Any CPU
		{70986EA7-F361-47AD-AB34-AA19E2D0AC25}.Debug|x64.Build.0 = Debug|Any CPU
		{70986EA7-F361-47AD-AB34-AA19E2D0AC25}.Debug|x86.ActiveCfg = Debug|Any CPU
		{70986EA7-F361-47AD-AB34-AA19E2D0AC25}.Debug|x86.Build.0 = Debug|Any CPU
		{70986EA7-F361-47AD-AB34-AA19E2D0AC25}.Release|Any CPU.ActiveCfg = Release|Any CPU
		{70986EA7-F361-47AD-AB34-AA19E2D0AC25}.Release|Any CPU.Build.0 = Release|Any CPU
		{70986EA7-F361-47AD-AB34-AA19E2D0AC25}.Release|x64.ActiveCfg = Release|Any CPU
		{70986EA7-F361-47AD-AB34-AA19E2D0AC25}.Release|x64.Build.0 = Release|Any CPU
		{70986EA7-F361-47AD-AB34-AA19E2D0AC25}.Release|x86.ActiveCfg = Release|Any CPU
		{70986EA7-F361-47AD-AB34-AA19E2D0AC25}.Release|x86.Build.0 = Release|Any CPU
		{B8008868-A388-440D-A1F7-A1EC9F877391}.Debug|Any CPU.ActiveCfg = Debug|Any CPU
		{B8008868-A388-440D-A1F7-A1EC9F877391}.Debug|Any CPU.Build.0 = Debug|Any CPU
		{B8008868-A388-440D-A1F7-A1EC9F877391}.Debug|x64.ActiveCfg = Debug|Any CPU
		{B8008868-A388-440D-A1F7-A1EC9F877391}.Debug|x64.Build.0 = Debug|Any CPU
		{B8008868-A388-440D-A1F7-A1EC9F877391}.Debug|x86.ActiveCfg = Debug|Any CPU
		{B8008868-A388-440D-A1F7-A1EC9F877391}.Debug|x86.Build.0 = Debug|Any CPU
		{B8008868-A388-440D-A1F7-A1EC9F877391}.Release|Any CPU.ActiveCfg = Release|Any CPU
		{B8008868-A388-440D-A1F7-A1EC9F877391}.Release|Any CPU.Build.0 = Release|Any CPU
		{B8008868-A388-440D-A1F7-A1EC9F877391}.Release|x64.ActiveCfg = Release|Any CPU
		{B8008868-A388-440D-A1F7-A1EC9F877391}.Release|x64.Build.0 = Release|Any CPU
		{B8008868-A388-440D-A1F7-A1EC9F877391}.Release|x86.ActiveCfg = Release|Any CPU
		{B8008868-A388-440D-A1F7-A1EC9F877391}.Release|x86.Build.0 = Release|Any CPU
		{0909D7CD-A928-471C-A08E-B6A4A33D0856}.Debug|Any CPU.ActiveCfg = Debug|Any CPU
		{0909D7CD-A928-471C-A08E-B6A4A33D0856}.Debug|Any CPU.Build.0 = Debug|Any CPU
		{0909D7CD-A928-471C-A08E-B6A4A33D0856}.Debug|x64.ActiveCfg = Debug|Any CPU
		{0909D7CD-A928-471C-A08E-B6A4A33D0856}.Debug|x64.Build.0 = Debug|Any CPU
		{0909D7CD-A928-471C-A08E-B6A4A33D0856}.Debug|x86.ActiveCfg = Debug|Any CPU
		{0909D7CD-A928-471C-A08E-B6A4A33D0856}.Debug|x86.Build.0 = Debug|Any CPU
		{0909D7CD-A928-471C-A08E-B6A4A33D0856}.Release|Any CPU.ActiveCfg = Release|Any CPU
		{0909D7CD-A928-471C-A08E-B6A4A33D0856}.Release|Any CPU.Build.0 = Release|Any CPU
		{0909D7CD-A928-471C-A08E-B6A4A33D0856}.Release|x64.ActiveCfg = Release|Any CPU
		{0909D7CD-A928-471C-A08E-B6A4A33D0856}.Release|x64.Build.0 = Release|Any CPU
		{0909D7CD-A928-471C-A08E-B6A4A33D0856}.Release|x86.ActiveCfg = Release|Any CPU
		{0909D7CD-A928-471C-A08E-B6A4A33D0856}.Release|x86.Build.0 = Release|Any CPU
		{1E11E4DF-AC03-4F65-826B-CB6D7D7BFB91}.Debug|Any CPU.ActiveCfg = Debug|Any CPU
		{1E11E4DF-AC03-4F65-826B-CB6D7D7BFB91}.Debug|Any CPU.Build.0 = Debug|Any CPU
		{1E11E4DF-AC03-4F65-826B-CB6D7D7BFB91}.Debug|x64.ActiveCfg = Debug|Any CPU
		{1E11E4DF-AC03-4F65-826B-CB6D7D7BFB91}.Debug|x64.Build.0 = Debug|Any CPU
		{1E11E4DF-AC03-4F65-826B-CB6D7D7BFB91}.Debug|x86.ActiveCfg = Debug|Any CPU
		{1E11E4DF-AC03-4F65-826B-CB6D7D7BFB91}.Debug|x86.Build.0 = Debug|Any CPU
		{1E11E4DF-AC03-4F65-826B-CB6D7D7BFB91}.Release|Any CPU.ActiveCfg = Release|Any CPU
		{1E11E4DF-AC03-4F65-826B-CB6D7D7BFB91}.Release|Any CPU.Build.0 = Release|Any CPU
		{1E11E4DF-AC03-4F65-826B-CB6D7D7BFB91}.Release|x64.ActiveCfg = Release|Any CPU
		{1E11E4DF-AC03-4F65-826B-CB6D7D7BFB91}.Release|x64.Build.0 = Release|Any CPU
		{1E11E4DF-AC03-4F65-826B-CB6D7D7BFB91}.Release|x86.ActiveCfg = Release|Any CPU
		{1E11E4DF-AC03-4F65-826B-CB6D7D7BFB91}.Release|x86.Build.0 = Release|Any CPU
		{34D66C76-B4E2-41E6-AECE-EA5BFC97D1CD}.Debug|Any CPU.ActiveCfg = Debug|Any CPU
		{34D66C76-B4E2-41E6-AECE-EA5BFC97D1CD}.Debug|Any CPU.Build.0 = Debug|Any CPU
		{34D66C76-B4E2-41E6-AECE-EA5BFC97D1CD}.Debug|x64.ActiveCfg = Debug|Any CPU
		{34D66C76-B4E2-41E6-AECE-EA5BFC97D1CD}.Debug|x64.Build.0 = Debug|Any CPU
		{34D66C76-B4E2-41E6-AECE-EA5BFC97D1CD}.Debug|x86.ActiveCfg = Debug|Any CPU
		{34D66C76-B4E2-41E6-AECE-EA5BFC97D1CD}.Debug|x86.Build.0 = Debug|Any CPU
		{34D66C76-B4E2-41E6-AECE-EA5BFC97D1CD}.Release|Any CPU.ActiveCfg = Release|Any CPU
		{34D66C76-B4E2-41E6-AECE-EA5BFC97D1CD}.Release|Any CPU.Build.0 = Release|Any CPU
		{34D66C76-B4E2-41E6-AECE-EA5BFC97D1CD}.Release|x64.ActiveCfg = Release|Any CPU
		{34D66C76-B4E2-41E6-AECE-EA5BFC97D1CD}.Release|x64.Build.0 = Release|Any CPU
		{34D66C76-B4E2-41E6-AECE-EA5BFC97D1CD}.Release|x86.ActiveCfg = Release|Any CPU
		{34D66C76-B4E2-41E6-AECE-EA5BFC97D1CD}.Release|x86.Build.0 = Release|Any CPU
		{036395C8-1BC4-4497-98E4-B6A754CD48B9}.Debug|Any CPU.ActiveCfg = Debug|Any CPU
		{036395C8-1BC4-4497-98E4-B6A754CD48B9}.Debug|Any CPU.Build.0 = Debug|Any CPU
		{036395C8-1BC4-4497-98E4-B6A754CD48B9}.Debug|x64.ActiveCfg = Debug|Any CPU
		{036395C8-1BC4-4497-98E4-B6A754CD48B9}.Debug|x64.Build.0 = Debug|Any CPU
		{036395C8-1BC4-4497-98E4-B6A754CD48B9}.Debug|x86.ActiveCfg = Debug|Any CPU
		{036395C8-1BC4-4497-98E4-B6A754CD48B9}.Debug|x86.Build.0 = Debug|Any CPU
		{036395C8-1BC4-4497-98E4-B6A754CD48B9}.Release|Any CPU.ActiveCfg = Release|Any CPU
		{036395C8-1BC4-4497-98E4-B6A754CD48B9}.Release|Any CPU.Build.0 = Release|Any CPU
		{036395C8-1BC4-4497-98E4-B6A754CD48B9}.Release|x64.ActiveCfg = Release|Any CPU
		{036395C8-1BC4-4497-98E4-B6A754CD48B9}.Release|x64.Build.0 = Release|Any CPU
		{036395C8-1BC4-4497-98E4-B6A754CD48B9}.Release|x86.ActiveCfg = Release|Any CPU
		{036395C8-1BC4-4497-98E4-B6A754CD48B9}.Release|x86.Build.0 = Release|Any CPU
		{921F05C7-DC37-47DB-BBAE-09C662EF4A5C}.Debug|Any CPU.ActiveCfg = Debug|Any CPU
		{921F05C7-DC37-47DB-BBAE-09C662EF4A5C}.Debug|Any CPU.Build.0 = Debug|Any CPU
		{921F05C7-DC37-47DB-BBAE-09C662EF4A5C}.Debug|x64.ActiveCfg = Debug|Any CPU
		{921F05C7-DC37-47DB-BBAE-09C662EF4A5C}.Debug|x64.Build.0 = Debug|Any CPU
		{921F05C7-DC37-47DB-BBAE-09C662EF4A5C}.Debug|x86.ActiveCfg = Debug|Any CPU
		{921F05C7-DC37-47DB-BBAE-09C662EF4A5C}.Debug|x86.Build.0 = Debug|Any CPU
		{921F05C7-DC37-47DB-BBAE-09C662EF4A5C}.Release|Any CPU.ActiveCfg = Release|Any CPU
		{921F05C7-DC37-47DB-BBAE-09C662EF4A5C}.Release|Any CPU.Build.0 = Release|Any CPU
		{921F05C7-DC37-47DB-BBAE-09C662EF4A5C}.Release|x64.ActiveCfg = Release|Any CPU
		{921F05C7-DC37-47DB-BBAE-09C662EF4A5C}.Release|x64.Build.0 = Release|Any CPU
		{921F05C7-DC37-47DB-BBAE-09C662EF4A5C}.Release|x86.ActiveCfg = Release|Any CPU
		{921F05C7-DC37-47DB-BBAE-09C662EF4A5C}.Release|x86.Build.0 = Release|Any CPU
		{24264D9D-D465-4FB8-9F5C-558B92D3B242}.Debug|Any CPU.ActiveCfg = Debug|Any CPU
		{24264D9D-D465-4FB8-9F5C-558B92D3B242}.Debug|Any CPU.Build.0 = Debug|Any CPU
		{24264D9D-D465-4FB8-9F5C-558B92D3B242}.Debug|x64.ActiveCfg = Debug|Any CPU
		{24264D9D-D465-4FB8-9F5C-558B92D3B242}.Debug|x64.Build.0 = Debug|Any CPU
		{24264D9D-D465-4FB8-9F5C-558B92D3B242}.Debug|x86.ActiveCfg = Debug|Any CPU
		{24264D9D-D465-4FB8-9F5C-558B92D3B242}.Debug|x86.Build.0 = Debug|Any CPU
		{24264D9D-D465-4FB8-9F5C-558B92D3B242}.Release|Any CPU.ActiveCfg = Release|Any CPU
		{24264D9D-D465-4FB8-9F5C-558B92D3B242}.Release|Any CPU.Build.0 = Release|Any CPU
		{24264D9D-D465-4FB8-9F5C-558B92D3B242}.Release|x64.ActiveCfg = Release|Any CPU
		{24264D9D-D465-4FB8-9F5C-558B92D3B242}.Release|x64.Build.0 = Release|Any CPU
		{24264D9D-D465-4FB8-9F5C-558B92D3B242}.Release|x86.ActiveCfg = Release|Any CPU
		{24264D9D-D465-4FB8-9F5C-558B92D3B242}.Release|x86.Build.0 = Release|Any CPU
		{ED44EDA8-62F8-4C9B-AE37-01C1E062871F}.Debug|Any CPU.ActiveCfg = Debug|Any CPU
		{ED44EDA8-62F8-4C9B-AE37-01C1E062871F}.Debug|Any CPU.Build.0 = Debug|Any CPU
		{ED44EDA8-62F8-4C9B-AE37-01C1E062871F}.Debug|x64.ActiveCfg = Debug|Any CPU
		{ED44EDA8-62F8-4C9B-AE37-01C1E062871F}.Debug|x64.Build.0 = Debug|Any CPU
		{ED44EDA8-62F8-4C9B-AE37-01C1E062871F}.Debug|x86.ActiveCfg = Debug|Any CPU
		{ED44EDA8-62F8-4C9B-AE37-01C1E062871F}.Debug|x86.Build.0 = Debug|Any CPU
		{ED44EDA8-62F8-4C9B-AE37-01C1E062871F}.Release|Any CPU.ActiveCfg = Release|Any CPU
		{ED44EDA8-62F8-4C9B-AE37-01C1E062871F}.Release|Any CPU.Build.0 = Release|Any CPU
		{ED44EDA8-62F8-4C9B-AE37-01C1E062871F}.Release|x64.ActiveCfg = Release|Any CPU
		{ED44EDA8-62F8-4C9B-AE37-01C1E062871F}.Release|x64.Build.0 = Release|Any CPU
		{ED44EDA8-62F8-4C9B-AE37-01C1E062871F}.Release|x86.ActiveCfg = Release|Any CPU
		{ED44EDA8-62F8-4C9B-AE37-01C1E062871F}.Release|x86.Build.0 = Release|Any CPU
		{635CF209-0B71-4079-BE2E-9E75E4D6E675}.Debug|Any CPU.ActiveCfg = Debug|Any CPU
		{635CF209-0B71-4079-BE2E-9E75E4D6E675}.Debug|Any CPU.Build.0 = Debug|Any CPU
		{635CF209-0B71-4079-BE2E-9E75E4D6E675}.Debug|x64.ActiveCfg = Debug|Any CPU
		{635CF209-0B71-4079-BE2E-9E75E4D6E675}.Debug|x64.Build.0 = Debug|Any CPU
		{635CF209-0B71-4079-BE2E-9E75E4D6E675}.Debug|x86.ActiveCfg = Debug|Any CPU
		{635CF209-0B71-4079-BE2E-9E75E4D6E675}.Debug|x86.Build.0 = Debug|Any CPU
		{635CF209-0B71-4079-BE2E-9E75E4D6E675}.Release|Any CPU.ActiveCfg = Release|Any CPU
		{635CF209-0B71-4079-BE2E-9E75E4D6E675}.Release|Any CPU.Build.0 = Release|Any CPU
		{635CF209-0B71-4079-BE2E-9E75E4D6E675}.Release|x64.ActiveCfg = Release|Any CPU
		{635CF209-0B71-4079-BE2E-9E75E4D6E675}.Release|x64.Build.0 = Release|Any CPU
		{635CF209-0B71-4079-BE2E-9E75E4D6E675}.Release|x86.ActiveCfg = Release|Any CPU
		{635CF209-0B71-4079-BE2E-9E75E4D6E675}.Release|x86.Build.0 = Release|Any CPU
		{1D869F90-A535-4988-97A5-8D8A207161C2}.Debug|Any CPU.ActiveCfg = Debug|Any CPU
		{1D869F90-A535-4988-97A5-8D8A207161C2}.Debug|Any CPU.Build.0 = Debug|Any CPU
		{1D869F90-A535-4988-97A5-8D8A207161C2}.Debug|x64.ActiveCfg = Debug|Any CPU
		{1D869F90-A535-4988-97A5-8D8A207161C2}.Debug|x64.Build.0 = Debug|Any CPU
		{1D869F90-A535-4988-97A5-8D8A207161C2}.Debug|x86.ActiveCfg = Debug|Any CPU
		{1D869F90-A535-4988-97A5-8D8A207161C2}.Debug|x86.Build.0 = Debug|Any CPU
		{1D869F90-A535-4988-97A5-8D8A207161C2}.Release|Any CPU.ActiveCfg = Release|Any CPU
		{1D869F90-A535-4988-97A5-8D8A207161C2}.Release|Any CPU.Build.0 = Release|Any CPU
		{1D869F90-A535-4988-97A5-8D8A207161C2}.Release|x64.ActiveCfg = Release|Any CPU
		{1D869F90-A535-4988-97A5-8D8A207161C2}.Release|x64.Build.0 = Release|Any CPU
		{1D869F90-A535-4988-97A5-8D8A207161C2}.Release|x86.ActiveCfg = Release|Any CPU
		{1D869F90-A535-4988-97A5-8D8A207161C2}.Release|x86.Build.0 = Release|Any CPU
		{7C397A66-C2AA-4B92-B3F4-D626ECD6CCA7}.Debug|Any CPU.ActiveCfg = Debug|Any CPU
		{7C397A66-C2AA-4B92-B3F4-D626ECD6CCA7}.Debug|Any CPU.Build.0 = Debug|Any CPU
		{7C397A66-C2AA-4B92-B3F4-D626ECD6CCA7}.Debug|x64.ActiveCfg = Debug|Any CPU
		{7C397A66-C2AA-4B92-B3F4-D626ECD6CCA7}.Debug|x64.Build.0 = Debug|Any CPU
		{7C397A66-C2AA-4B92-B3F4-D626ECD6CCA7}.Debug|x86.ActiveCfg = Debug|Any CPU
		{7C397A66-C2AA-4B92-B3F4-D626ECD6CCA7}.Debug|x86.Build.0 = Debug|Any CPU
		{7C397A66-C2AA-4B92-B3F4-D626ECD6CCA7}.Release|Any CPU.ActiveCfg = Release|Any CPU
		{7C397A66-C2AA-4B92-B3F4-D626ECD6CCA7}.Release|Any CPU.Build.0 = Release|Any CPU
		{7C397A66-C2AA-4B92-B3F4-D626ECD6CCA7}.Release|x64.ActiveCfg = Release|Any CPU
		{7C397A66-C2AA-4B92-B3F4-D626ECD6CCA7}.Release|x64.Build.0 = Release|Any CPU
		{7C397A66-C2AA-4B92-B3F4-D626ECD6CCA7}.Release|x86.ActiveCfg = Release|Any CPU
		{7C397A66-C2AA-4B92-B3F4-D626ECD6CCA7}.Release|x86.Build.0 = Release|Any CPU
		{9EA8A8B1-9C31-4401-BA8B-E227130C4F5D}.Debug|Any CPU.ActiveCfg = Debug|Any CPU
		{9EA8A8B1-9C31-4401-BA8B-E227130C4F5D}.Debug|Any CPU.Build.0 = Debug|Any CPU
		{9EA8A8B1-9C31-4401-BA8B-E227130C4F5D}.Debug|x64.ActiveCfg = Debug|Any CPU
		{9EA8A8B1-9C31-4401-BA8B-E227130C4F5D}.Debug|x64.Build.0 = Debug|Any CPU
		{9EA8A8B1-9C31-4401-BA8B-E227130C4F5D}.Debug|x86.ActiveCfg = Debug|Any CPU
		{9EA8A8B1-9C31-4401-BA8B-E227130C4F5D}.Debug|x86.Build.0 = Debug|Any CPU
		{9EA8A8B1-9C31-4401-BA8B-E227130C4F5D}.Release|Any CPU.ActiveCfg = Release|Any CPU
		{9EA8A8B1-9C31-4401-BA8B-E227130C4F5D}.Release|Any CPU.Build.0 = Release|Any CPU
		{9EA8A8B1-9C31-4401-BA8B-E227130C4F5D}.Release|x64.ActiveCfg = Release|Any CPU
		{9EA8A8B1-9C31-4401-BA8B-E227130C4F5D}.Release|x64.Build.0 = Release|Any CPU
		{9EA8A8B1-9C31-4401-BA8B-E227130C4F5D}.Release|x86.ActiveCfg = Release|Any CPU
		{9EA8A8B1-9C31-4401-BA8B-E227130C4F5D}.Release|x86.Build.0 = Release|Any CPU
		{BEB29423-F194-47DD-A8AE-A9A5EFE02251}.Debug|Any CPU.ActiveCfg = Debug|Any CPU
		{BEB29423-F194-47DD-A8AE-A9A5EFE02251}.Debug|Any CPU.Build.0 = Debug|Any CPU
		{BEB29423-F194-47DD-A8AE-A9A5EFE02251}.Debug|x64.ActiveCfg = Debug|Any CPU
		{BEB29423-F194-47DD-A8AE-A9A5EFE02251}.Debug|x64.Build.0 = Debug|Any CPU
		{BEB29423-F194-47DD-A8AE-A9A5EFE02251}.Debug|x86.ActiveCfg = Debug|Any CPU
		{BEB29423-F194-47DD-A8AE-A9A5EFE02251}.Debug|x86.Build.0 = Debug|Any CPU
		{BEB29423-F194-47DD-A8AE-A9A5EFE02251}.Release|Any CPU.ActiveCfg = Release|Any CPU
		{BEB29423-F194-47DD-A8AE-A9A5EFE02251}.Release|Any CPU.Build.0 = Release|Any CPU
		{BEB29423-F194-47DD-A8AE-A9A5EFE02251}.Release|x64.ActiveCfg = Release|Any CPU
		{BEB29423-F194-47DD-A8AE-A9A5EFE02251}.Release|x64.Build.0 = Release|Any CPU
		{BEB29423-F194-47DD-A8AE-A9A5EFE02251}.Release|x86.ActiveCfg = Release|Any CPU
		{BEB29423-F194-47DD-A8AE-A9A5EFE02251}.Release|x86.Build.0 = Release|Any CPU
		{4132D32D-7C92-4BA9-A9A6-104F658190B3}.Debug|Any CPU.ActiveCfg = Debug|Any CPU
		{4132D32D-7C92-4BA9-A9A6-104F658190B3}.Debug|Any CPU.Build.0 = Debug|Any CPU
		{4132D32D-7C92-4BA9-A9A6-104F658190B3}.Debug|x64.ActiveCfg = Debug|Any CPU
		{4132D32D-7C92-4BA9-A9A6-104F658190B3}.Debug|x64.Build.0 = Debug|Any CPU
		{4132D32D-7C92-4BA9-A9A6-104F658190B3}.Debug|x86.ActiveCfg = Debug|Any CPU
		{4132D32D-7C92-4BA9-A9A6-104F658190B3}.Debug|x86.Build.0 = Debug|Any CPU
		{4132D32D-7C92-4BA9-A9A6-104F658190B3}.Release|Any CPU.ActiveCfg = Release|Any CPU
		{4132D32D-7C92-4BA9-A9A6-104F658190B3}.Release|Any CPU.Build.0 = Release|Any CPU
		{4132D32D-7C92-4BA9-A9A6-104F658190B3}.Release|x64.ActiveCfg = Release|Any CPU
		{4132D32D-7C92-4BA9-A9A6-104F658190B3}.Release|x64.Build.0 = Release|Any CPU
		{4132D32D-7C92-4BA9-A9A6-104F658190B3}.Release|x86.ActiveCfg = Release|Any CPU
		{4132D32D-7C92-4BA9-A9A6-104F658190B3}.Release|x86.Build.0 = Release|Any CPU
		{3FC90DDE-9CF8-4B3B-A0F6-F91580D137D6}.Debug|Any CPU.ActiveCfg = Debug|Any CPU
		{3FC90DDE-9CF8-4B3B-A0F6-F91580D137D6}.Debug|Any CPU.Build.0 = Debug|Any CPU
		{3FC90DDE-9CF8-4B3B-A0F6-F91580D137D6}.Debug|x64.ActiveCfg = Debug|Any CPU
		{3FC90DDE-9CF8-4B3B-A0F6-F91580D137D6}.Debug|x64.Build.0 = Debug|Any CPU
		{3FC90DDE-9CF8-4B3B-A0F6-F91580D137D6}.Debug|x86.ActiveCfg = Debug|Any CPU
		{3FC90DDE-9CF8-4B3B-A0F6-F91580D137D6}.Debug|x86.Build.0 = Debug|Any CPU
		{3FC90DDE-9CF8-4B3B-A0F6-F91580D137D6}.Release|Any CPU.ActiveCfg = Release|Any CPU
		{3FC90DDE-9CF8-4B3B-A0F6-F91580D137D6}.Release|Any CPU.Build.0 = Release|Any CPU
		{3FC90DDE-9CF8-4B3B-A0F6-F91580D137D6}.Release|x64.ActiveCfg = Release|Any CPU
		{3FC90DDE-9CF8-4B3B-A0F6-F91580D137D6}.Release|x64.Build.0 = Release|Any CPU
		{3FC90DDE-9CF8-4B3B-A0F6-F91580D137D6}.Release|x86.ActiveCfg = Release|Any CPU
		{3FC90DDE-9CF8-4B3B-A0F6-F91580D137D6}.Release|x86.Build.0 = Release|Any CPU
		{EA8722CD-F851-4427-B4CF-581F9F579AA5}.Debug|Any CPU.ActiveCfg = Debug|Any CPU
		{EA8722CD-F851-4427-B4CF-581F9F579AA5}.Debug|Any CPU.Build.0 = Debug|Any CPU
		{EA8722CD-F851-4427-B4CF-581F9F579AA5}.Debug|x64.ActiveCfg = Debug|Any CPU
		{EA8722CD-F851-4427-B4CF-581F9F579AA5}.Debug|x64.Build.0 = Debug|Any CPU
		{EA8722CD-F851-4427-B4CF-581F9F579AA5}.Debug|x86.ActiveCfg = Debug|Any CPU
		{EA8722CD-F851-4427-B4CF-581F9F579AA5}.Debug|x86.Build.0 = Debug|Any CPU
		{EA8722CD-F851-4427-B4CF-581F9F579AA5}.Release|Any CPU.ActiveCfg = Release|Any CPU
		{EA8722CD-F851-4427-B4CF-581F9F579AA5}.Release|Any CPU.Build.0 = Release|Any CPU
		{EA8722CD-F851-4427-B4CF-581F9F579AA5}.Release|x64.ActiveCfg = Release|Any CPU
		{EA8722CD-F851-4427-B4CF-581F9F579AA5}.Release|x64.Build.0 = Release|Any CPU
		{EA8722CD-F851-4427-B4CF-581F9F579AA5}.Release|x86.ActiveCfg = Release|Any CPU
		{EA8722CD-F851-4427-B4CF-581F9F579AA5}.Release|x86.Build.0 = Release|Any CPU
		{3FD3D6B9-1C37-450D-97DC-0BAEA26CB138}.Debug|Any CPU.ActiveCfg = Debug|Any CPU
		{3FD3D6B9-1C37-450D-97DC-0BAEA26CB138}.Debug|Any CPU.Build.0 = Debug|Any CPU
		{3FD3D6B9-1C37-450D-97DC-0BAEA26CB138}.Debug|x64.ActiveCfg = Debug|Any CPU
		{3FD3D6B9-1C37-450D-97DC-0BAEA26CB138}.Debug|x64.Build.0 = Debug|Any CPU
		{3FD3D6B9-1C37-450D-97DC-0BAEA26CB138}.Debug|x86.ActiveCfg = Debug|Any CPU
		{3FD3D6B9-1C37-450D-97DC-0BAEA26CB138}.Debug|x86.Build.0 = Debug|Any CPU
		{3FD3D6B9-1C37-450D-97DC-0BAEA26CB138}.Release|Any CPU.ActiveCfg = Release|Any CPU
		{3FD3D6B9-1C37-450D-97DC-0BAEA26CB138}.Release|Any CPU.Build.0 = Release|Any CPU
		{3FD3D6B9-1C37-450D-97DC-0BAEA26CB138}.Release|x64.ActiveCfg = Release|Any CPU
		{3FD3D6B9-1C37-450D-97DC-0BAEA26CB138}.Release|x64.Build.0 = Release|Any CPU
		{3FD3D6B9-1C37-450D-97DC-0BAEA26CB138}.Release|x86.ActiveCfg = Release|Any CPU
		{3FD3D6B9-1C37-450D-97DC-0BAEA26CB138}.Release|x86.Build.0 = Release|Any CPU
		{923410DF-871D-4D78-A372-7F7F135ED72A}.Debug|Any CPU.ActiveCfg = Debug|Any CPU
		{923410DF-871D-4D78-A372-7F7F135ED72A}.Debug|Any CPU.Build.0 = Debug|Any CPU
		{923410DF-871D-4D78-A372-7F7F135ED72A}.Debug|x64.ActiveCfg = Debug|Any CPU
		{923410DF-871D-4D78-A372-7F7F135ED72A}.Debug|x64.Build.0 = Debug|Any CPU
		{923410DF-871D-4D78-A372-7F7F135ED72A}.Debug|x86.ActiveCfg = Debug|Any CPU
		{923410DF-871D-4D78-A372-7F7F135ED72A}.Debug|x86.Build.0 = Debug|Any CPU
		{923410DF-871D-4D78-A372-7F7F135ED72A}.Release|Any CPU.ActiveCfg = Release|Any CPU
		{923410DF-871D-4D78-A372-7F7F135ED72A}.Release|Any CPU.Build.0 = Release|Any CPU
		{923410DF-871D-4D78-A372-7F7F135ED72A}.Release|x64.ActiveCfg = Release|Any CPU
		{923410DF-871D-4D78-A372-7F7F135ED72A}.Release|x64.Build.0 = Release|Any CPU
		{923410DF-871D-4D78-A372-7F7F135ED72A}.Release|x86.ActiveCfg = Release|Any CPU
		{923410DF-871D-4D78-A372-7F7F135ED72A}.Release|x86.Build.0 = Release|Any CPU
		{5FA14534-B627-4CCA-B217-4BEB6CE98B52}.Debug|Any CPU.ActiveCfg = Debug|Any CPU
		{5FA14534-B627-4CCA-B217-4BEB6CE98B52}.Debug|Any CPU.Build.0 = Debug|Any CPU
		{5FA14534-B627-4CCA-B217-4BEB6CE98B52}.Debug|x64.ActiveCfg = Debug|Any CPU
		{5FA14534-B627-4CCA-B217-4BEB6CE98B52}.Debug|x64.Build.0 = Debug|Any CPU
		{5FA14534-B627-4CCA-B217-4BEB6CE98B52}.Debug|x86.ActiveCfg = Debug|Any CPU
		{5FA14534-B627-4CCA-B217-4BEB6CE98B52}.Debug|x86.Build.0 = Debug|Any CPU
		{5FA14534-B627-4CCA-B217-4BEB6CE98B52}.Release|Any CPU.ActiveCfg = Release|Any CPU
		{5FA14534-B627-4CCA-B217-4BEB6CE98B52}.Release|Any CPU.Build.0 = Release|Any CPU
		{5FA14534-B627-4CCA-B217-4BEB6CE98B52}.Release|x64.ActiveCfg = Release|Any CPU
		{5FA14534-B627-4CCA-B217-4BEB6CE98B52}.Release|x64.Build.0 = Release|Any CPU
		{5FA14534-B627-4CCA-B217-4BEB6CE98B52}.Release|x86.ActiveCfg = Release|Any CPU
		{5FA14534-B627-4CCA-B217-4BEB6CE98B52}.Release|x86.Build.0 = Release|Any CPU
		{DAA65084-BEAA-419A-B824-998999CE6A05}.Debug|Any CPU.ActiveCfg = Debug|Any CPU
		{DAA65084-BEAA-419A-B824-998999CE6A05}.Debug|Any CPU.Build.0 = Debug|Any CPU
		{DAA65084-BEAA-419A-B824-998999CE6A05}.Debug|x64.ActiveCfg = Debug|Any CPU
		{DAA65084-BEAA-419A-B824-998999CE6A05}.Debug|x64.Build.0 = Debug|Any CPU
		{DAA65084-BEAA-419A-B824-998999CE6A05}.Debug|x86.ActiveCfg = Debug|Any CPU
		{DAA65084-BEAA-419A-B824-998999CE6A05}.Debug|x86.Build.0 = Debug|Any CPU
		{DAA65084-BEAA-419A-B824-998999CE6A05}.Release|Any CPU.ActiveCfg = Release|Any CPU
		{DAA65084-BEAA-419A-B824-998999CE6A05}.Release|Any CPU.Build.0 = Release|Any CPU
		{DAA65084-BEAA-419A-B824-998999CE6A05}.Release|x64.ActiveCfg = Release|Any CPU
		{DAA65084-BEAA-419A-B824-998999CE6A05}.Release|x64.Build.0 = Release|Any CPU
		{DAA65084-BEAA-419A-B824-998999CE6A05}.Release|x86.ActiveCfg = Release|Any CPU
		{DAA65084-BEAA-419A-B824-998999CE6A05}.Release|x86.Build.0 = Release|Any CPU
		{F0EFE2B6-3F4F-4816-88F6-6863A1DAF250}.Debug|Any CPU.ActiveCfg = Debug|Any CPU
		{F0EFE2B6-3F4F-4816-88F6-6863A1DAF250}.Debug|Any CPU.Build.0 = Debug|Any CPU
		{F0EFE2B6-3F4F-4816-88F6-6863A1DAF250}.Debug|x64.ActiveCfg = Debug|Any CPU
		{F0EFE2B6-3F4F-4816-88F6-6863A1DAF250}.Debug|x64.Build.0 = Debug|Any CPU
		{F0EFE2B6-3F4F-4816-88F6-6863A1DAF250}.Debug|x86.ActiveCfg = Debug|Any CPU
		{F0EFE2B6-3F4F-4816-88F6-6863A1DAF250}.Debug|x86.Build.0 = Debug|Any CPU
		{F0EFE2B6-3F4F-4816-88F6-6863A1DAF250}.Release|Any CPU.ActiveCfg = Release|Any CPU
		{F0EFE2B6-3F4F-4816-88F6-6863A1DAF250}.Release|Any CPU.Build.0 = Release|Any CPU
		{F0EFE2B6-3F4F-4816-88F6-6863A1DAF250}.Release|x64.ActiveCfg = Release|Any CPU
		{F0EFE2B6-3F4F-4816-88F6-6863A1DAF250}.Release|x64.Build.0 = Release|Any CPU
		{F0EFE2B6-3F4F-4816-88F6-6863A1DAF250}.Release|x86.ActiveCfg = Release|Any CPU
		{F0EFE2B6-3F4F-4816-88F6-6863A1DAF250}.Release|x86.Build.0 = Release|Any CPU
		{CC25B5F1-D999-4327-889E-07E10DA6F159}.Debug|Any CPU.ActiveCfg = Debug|Any CPU
		{CC25B5F1-D999-4327-889E-07E10DA6F159}.Debug|Any CPU.Build.0 = Debug|Any CPU
		{CC25B5F1-D999-4327-889E-07E10DA6F159}.Debug|x64.ActiveCfg = Debug|Any CPU
		{CC25B5F1-D999-4327-889E-07E10DA6F159}.Debug|x64.Build.0 = Debug|Any CPU
		{CC25B5F1-D999-4327-889E-07E10DA6F159}.Debug|x86.ActiveCfg = Debug|Any CPU
		{CC25B5F1-D999-4327-889E-07E10DA6F159}.Debug|x86.Build.0 = Debug|Any CPU
		{CC25B5F1-D999-4327-889E-07E10DA6F159}.Release|Any CPU.ActiveCfg = Release|Any CPU
		{CC25B5F1-D999-4327-889E-07E10DA6F159}.Release|Any CPU.Build.0 = Release|Any CPU
		{CC25B5F1-D999-4327-889E-07E10DA6F159}.Release|x64.ActiveCfg = Release|Any CPU
		{CC25B5F1-D999-4327-889E-07E10DA6F159}.Release|x64.Build.0 = Release|Any CPU
		{CC25B5F1-D999-4327-889E-07E10DA6F159}.Release|x86.ActiveCfg = Release|Any CPU
		{CC25B5F1-D999-4327-889E-07E10DA6F159}.Release|x86.Build.0 = Release|Any CPU
		{41977A12-776F-4998-9755-244B555EA3C4}.Debug|Any CPU.ActiveCfg = Debug|Any CPU
		{41977A12-776F-4998-9755-244B555EA3C4}.Debug|Any CPU.Build.0 = Debug|Any CPU
		{41977A12-776F-4998-9755-244B555EA3C4}.Debug|x64.ActiveCfg = Debug|Any CPU
		{41977A12-776F-4998-9755-244B555EA3C4}.Debug|x64.Build.0 = Debug|Any CPU
		{41977A12-776F-4998-9755-244B555EA3C4}.Debug|x86.ActiveCfg = Debug|Any CPU
		{41977A12-776F-4998-9755-244B555EA3C4}.Debug|x86.Build.0 = Debug|Any CPU
		{41977A12-776F-4998-9755-244B555EA3C4}.Release|Any CPU.ActiveCfg = Release|Any CPU
		{41977A12-776F-4998-9755-244B555EA3C4}.Release|Any CPU.Build.0 = Release|Any CPU
		{41977A12-776F-4998-9755-244B555EA3C4}.Release|x64.ActiveCfg = Release|Any CPU
		{41977A12-776F-4998-9755-244B555EA3C4}.Release|x64.Build.0 = Release|Any CPU
		{41977A12-776F-4998-9755-244B555EA3C4}.Release|x86.ActiveCfg = Release|Any CPU
		{41977A12-776F-4998-9755-244B555EA3C4}.Release|x86.Build.0 = Release|Any CPU
	EndGlobalSection
	GlobalSection(SolutionProperties) = preSolution
		HideSolutionNode = FALSE
	EndGlobalSection
	GlobalSection(NestedProjects) = preSolution
		{3E47EA72-5B70-4388-BA49-9B56C9EDC599} = {827E0CD3-B72D-47B6-A68D-7590B98EB39B}
		{AAB4C1AB-571A-4536-BBE5-1F3F595BF994} = {827E0CD3-B72D-47B6-A68D-7590B98EB39B}
		{56DEC60C-A8F5-4A7D-9CE8-8632B3C9FC10} = {827E0CD3-B72D-47B6-A68D-7590B98EB39B}
		{4EE47467-70E5-4DF7-B1D4-D52CE419764C} = {827E0CD3-B72D-47B6-A68D-7590B98EB39B}
		{0BF6F54B-21EC-4920-98AA-AB56E0B9BA26} = {827E0CD3-B72D-47B6-A68D-7590B98EB39B}
		{2E26B3A9-A142-4811-B045-8E8FA89822F1} = {827E0CD3-B72D-47B6-A68D-7590B98EB39B}
		{3384285C-6357-49DE-8CC4-DAC00B9B5B45} = {827E0CD3-B72D-47B6-A68D-7590B98EB39B}
		{2F07EDBD-B7B1-4305-8789-1BA24514B0FD} = {827E0CD3-B72D-47B6-A68D-7590B98EB39B}
		{2A4AD6A7-46B0-487B-9BED-E7F65D429250} = {827E0CD3-B72D-47B6-A68D-7590B98EB39B}
		{4DF292A6-720C-46E2-BFBE-0F31AAA17693} = {827E0CD3-B72D-47B6-A68D-7590B98EB39B}
		{F8216667-56CB-48EC-95FB-25BE723C8AF7} = {827E0CD3-B72D-47B6-A68D-7590B98EB39B}
		{1C497DA1-C1C6-4DD2-AFD5-061CD0461E11} = {827E0CD3-B72D-47B6-A68D-7590B98EB39B}
		{C577D149-D475-45BA-8017-F3BF3F7ADCCE} = {07C2787E-EAC7-C090-1BA3-A61EC2A24D84}
		{3D985CE2-D398-4109-9568-669ADF801CAE} = {07C2787E-EAC7-C090-1BA3-A61EC2A24D84}
		{D53FF620-7DCC-40DF-B463-244E76DBE08F} = {0AB3BF05-4346-4AA6-1389-037BE0695223}
		{E43B87B1-7F92-4F85-A9A1-FF372B363364} = {0AB3BF05-4346-4AA6-1389-037BE0695223}
		{16091609-FBF6-4FE3-B1BC-A618BBBBEC0A} = {827E0CD3-B72D-47B6-A68D-7590B98EB39B}
		{FFCCAD46-3472-421B-9584-8446AEDCEC73} = {0AB3BF05-4346-4AA6-1389-037BE0695223}
		{B365C742-BF98-44EF-ADAF-CA3B31C68FD6} = {0AB3BF05-4346-4AA6-1389-037BE0695223}
		{51530079-9A60-4BFF-9D7A-D76056C0170D} = {827E0CD3-B72D-47B6-A68D-7590B98EB39B}
		{8F68AC67-62B9-459C-BD51-A6843F0FCB31} = {827E0CD3-B72D-47B6-A68D-7590B98EB39B}
		{70986EA7-F361-47AD-AB34-AA19E2D0AC25} = {827E0CD3-B72D-47B6-A68D-7590B98EB39B}
		{B8008868-A388-440D-A1F7-A1EC9F877391} = {0AB3BF05-4346-4AA6-1389-037BE0695223}
		{0909D7CD-A928-471C-A08E-B6A4A33D0856} = {0AB3BF05-4346-4AA6-1389-037BE0695223}
		{1E11E4DF-AC03-4F65-826B-CB6D7D7BFB91} = {827E0CD3-B72D-47B6-A68D-7590B98EB39B}
		{34D66C76-B4E2-41E6-AECE-EA5BFC97D1CD} = {827E0CD3-B72D-47B6-A68D-7590B98EB39B}
		{036395C8-1BC4-4497-98E4-B6A754CD48B9} = {0AB3BF05-4346-4AA6-1389-037BE0695223}
		{921F05C7-DC37-47DB-BBAE-09C662EF4A5C} = {827E0CD3-B72D-47B6-A68D-7590B98EB39B}
		{24264D9D-D465-4FB8-9F5C-558B92D3B242} = {827E0CD3-B72D-47B6-A68D-7590B98EB39B}
		{ED44EDA8-62F8-4C9B-AE37-01C1E062871F} = {0AB3BF05-4346-4AA6-1389-037BE0695223}
		{635CF209-0B71-4079-BE2E-9E75E4D6E675} = {827E0CD3-B72D-47B6-A68D-7590B98EB39B}
		{1D869F90-A535-4988-97A5-8D8A207161C2} = {0AB3BF05-4346-4AA6-1389-037BE0695223}
		{7C397A66-C2AA-4B92-B3F4-D626ECD6CCA7} = {827E0CD3-B72D-47B6-A68D-7590B98EB39B}
		{9EA8A8B1-9C31-4401-BA8B-E227130C4F5D} = {0AB3BF05-4346-4AA6-1389-037BE0695223}
		{BEB29423-F194-47DD-A8AE-A9A5EFE02251} = {827E0CD3-B72D-47B6-A68D-7590B98EB39B}
		{4132D32D-7C92-4BA9-A9A6-104F658190B3} = {827E0CD3-B72D-47B6-A68D-7590B98EB39B}
		{3FC90DDE-9CF8-4B3B-A0F6-F91580D137D6} = {0AB3BF05-4346-4AA6-1389-037BE0695223}
		{EA8722CD-F851-4427-B4CF-581F9F579AA5} = {0AB3BF05-4346-4AA6-1389-037BE0695223}
		{3FD3D6B9-1C37-450D-97DC-0BAEA26CB138} = {827E0CD3-B72D-47B6-A68D-7590B98EB39B}
		{923410DF-871D-4D78-A372-7F7F135ED72A} = {827E0CD3-B72D-47B6-A68D-7590B98EB39B}
		{5FA14534-B627-4CCA-B217-4BEB6CE98B52} = {0AB3BF05-4346-4AA6-1389-037BE0695223}
		{DAA65084-BEAA-419A-B824-998999CE6A05} = {827E0CD3-B72D-47B6-A68D-7590B98EB39B}
		{F0EFE2B6-3F4F-4816-88F6-6863A1DAF250} = {0AB3BF05-4346-4AA6-1389-037BE0695223}
		{CC25B5F1-D999-4327-889E-07E10DA6F159} = {827E0CD3-B72D-47B6-A68D-7590B98EB39B}
		{41977A12-776F-4998-9755-244B555EA3C4} = {0AB3BF05-4346-4AA6-1389-037BE0695223}
	EndGlobalSection
EndGlobal
