{
  "version": 2,
  "dependencies": {
    "net10.0": {
      "Google.Api.CommonProtos": {
        "type": "Direct",
        "requested": "[2.17.0, )",
        "resolved": "2.17.0",
        "contentHash": "elfQPknFr495hm7vdy6ZlgyQh6yzZq9TU7sS35L/Fj/fqjM/mUGau9gVJLhvQEtUlPjtR80hpn/m9HvBMyCXIw==",
        "dependencies": {
          "Google.Protobuf": "[3.31.1, 4.0.0]"
        }
      },
      "Grpc.AspNetCore.Server": {
        "type": "Direct",
        "requested": "[2.84.0, )",
        "resolved": "2.84.0",
        "contentHash": "RXUkMjU+Hu5tvf5EXNoJlKX+ADvR2HERkNRznMFpsQQiHFsaQ+OYyhgomuLxAaiNuPUmCUGPxyiCdqq//lrQdg==",
        "dependencies": {
          "Grpc.Net.Common": "2.84.0"
        }
      },
      "Grpc.StatusProto": {
        "type": "Direct",
        "requested": "[2.83.0, )",
        "resolved": "2.83.0",
        "contentHash": "nqdA+tBE5Sly9DJ/S9M90vdShhu9dPOZYQnTzzfy+WgJgo6fgtWBnNym0FNYhT21SK/dDoqeExLf3MZAxGIQXQ==",
        "dependencies": {
          "Google.Api.CommonProtos": "2.16.0",
          "Grpc.Core.Api": "2.83.0"
        }
      },
      "Microsoft.Extensions.DependencyInjection.Abstractions": {
        "type": "Direct",
        "requested": "[10.0.11, )",
        "resolved": "10.0.11",
        "contentHash": "/a1aJz4m7ylhEDf25ugQChLQoN5XwoGjWw/BoR/ZWWKsO1v4DdJElS1uyngahz4B/eOzjFk1KNTkarRLE5wsIg=="
      },
      "Microsoft.Extensions.Logging.Abstractions": {
        "type": "Direct",
        "requested": "[10.0.11, )",
        "resolved": "10.0.11",
        "contentHash": "Ljd0Uxoq5XpScD2Bg0nM/r3mwx7Ao5Uq24eo2ARxbGvqJ7Zht6rt2cJtwVRH4Cv+1ZVMdXz6TB43KbpmsxRrvQ==",
        "dependencies": {
          "Microsoft.Extensions.DependencyInjection.Abstractions": "10.0.11"
        }
      },
      "Microsoft.Extensions.Options": {
        "type": "Direct",
        "requested": "[10.0.11, )",
        "resolved": "10.0.11",
        "contentHash": "eY1GAKcTfD2maP27J84X9IovT3yjHJ2dVDzPmDg6/XqYvt3jMzJhtfQCLjG9pVsZGAd+8DQ2QrjaDcs2+VQLGw==",
        "dependencies": {
          "Microsoft.Extensions.DependencyInjection.Abstractions": "10.0.11",
          "Microsoft.Extensions.Primitives": "10.0.11"
        }
      },
      "Google.Protobuf": {
        "type": "Transitive",
        "resolved": "3.31.1",
        "contentHash": "gSnJbUmGiOTdWddPhqzrEscHq9Ls6sqRDPB9WptckyjTUyx70JOOAaDLkFff8gManZNN3hllQ4aQInnQyq/Z/A=="
      },
      "Grpc.Core.Api": {
        "type": "Transitive",
        "resolved": "2.84.0",
        "contentHash": "p2SOMl6q/GZ4/5MLkgboC/z55g4zKUEruRn/g46QgppjQBVnsLZVBU/9VO7n60ll38G3Eo8Zu9b7x+W01GKFVg=="
      },
      "Grpc.Net.Common": {
        "type": "Transitive",
        "resolved": "2.84.0",
        "contentHash": "DPxm/H8G/lDRrz997wM0M2zN/PGqVeZKDakhBbtABEbv6WIW4HI9g3BvntBQT6ZUROuGacMzfyyF9e5kiTVFfQ==",
        "dependencies": {
          "Grpc.Core.Api": "2.84.0"
        }
      },
      "Microsoft.Extensions.Primitives": {
        "type": "Transitive",
        "resolved": "10.0.11",
        "contentHash": "SXcz+kF+4Oo9b1+55zntpJFYfwb1jw66ioxptyNOOTDc8g2FHnBFWjZpsWfCvZIhzr0x+4e2trVTs4OKwQfBtw=="
      },
      "mpcore.application": {
        "type": "Project",
        "dependencies": {
          "Microsoft.Extensions.DependencyInjection.Abstractions": "[10.0.11, )"
        }
      },
      "mpcore.domain": {
        "type": "Project"
      }
    }
  }
}