{
  "version": 2,
  "dependencies": {
    "net10.0": {
      "Grpc.AspNetCore": {
        "type": "Direct",
        "requested": "[2.83.0, )",
        "resolved": "2.83.0",
        "contentHash": "PMoR+paO24EgBjBvfCqrmkurBH+RmfOIYThsUv6sGx6LUH0kxhzQkjtZ44mJxU0IwEw64dCzHhIjAM+CmORp3g==",
        "dependencies": {
          "Google.Protobuf": "3.31.1",
          "Grpc.AspNetCore.Server.ClientFactory": "2.83.0",
          "Grpc.Tools": "2.83.0"
        }
      },
      "Grpc.Net.Client": {
        "type": "Direct",
        "requested": "[2.83.0, )",
        "resolved": "2.83.0",
        "contentHash": "dHYtx7hW4muttsCrWNG4/Ysb1iAIhNPEq28eo7vF166CdXn/RXOr3SGvSreIGIjvmdrADrBNJ2cUeJBto/T0XA==",
        "dependencies": {
          "Grpc.Net.Common": "2.83.0"
        }
      },
      "Grpc.StatusProto": {
        "type": "Direct",
        "requested": "[2.83.0, )",
        "resolved": "2.83.0",
        "contentHash": "nqdA+tBE5Sly9DJ/S9M90vdShhu9dPOZYQnTzzfy+WgJgo6fgtWBnNym0FNYhT21SK/dDoqeExLf3MZAxGIQXQ==",
        "dependencies": {
          "Google.Api.CommonProtos": "2.16.0",
          "Grpc.Core.Api": "2.83.0"
        }
      },
      "Grpc.Tools": {
        "type": "Direct",
        "requested": "[2.83.0, )",
        "resolved": "2.83.0",
        "contentHash": "vK2Go/83W0v2Nn7tTP9fGrX4IjmOa93s3M0SZeFimU1vIIr2wL9yNJlIyK21y85SGm3++JncB8IF751cjoLHuQ=="
      },
      "Microsoft.AspNetCore.TestHost": {
        "type": "Direct",
        "requested": "[10.0.11, )",
        "resolved": "10.0.11",
        "contentHash": "IVGNbZVxLuL80y7cmXYfhIFoTGneHkp4D7xXarYe6V/wjo8/2qiSLUwWax1/h2eHtJ3Y5cuqmtpOyWMnXIsUMA=="
      },
      "Microsoft.NET.Test.Sdk": {
        "type": "Direct",
        "requested": "[18.9.0, )",
        "resolved": "18.9.0",
        "contentHash": "xIzVXa/VpKXqDWzyC/5Hw8JbFY5u9k3Jc53CpcjBiOXvkQGio484LD9FNwOiGUSMDcYL3Rcw9sNgGi5WrswlPQ==",
        "dependencies": {
          "Microsoft.CodeCoverage": "18.9.0",
          "Microsoft.TestPlatform.TestHost": "18.9.0"
        }
      },
      "xunit": {
        "type": "Direct",
        "requested": "[2.9.3, )",
        "resolved": "2.9.3",
        "contentHash": "TlXQBinK35LpOPKHAqbLY4xlEen9TBafjs0V5KnA4wZsoQLQJiirCR4CbIXvOH8NzkW4YeJKP5P/Bnrodm0h9Q==",
        "dependencies": {
          "xunit.analyzers": "1.18.0",
          "xunit.assert": "2.9.3",
          "xunit.core": "[2.9.3]"
        }
      },
      "xunit.runner.visualstudio": {
        "type": "Direct",
        "requested": "[3.1.5, )",
        "resolved": "3.1.5",
        "contentHash": "tKi7dSTwP4m5m9eXPM2Ime4Kn7xNf4x4zT9sdLO/G4hZVnQCRiMTWoSZqI/pYTVeI27oPPqHBKYI/DjJ9GsYgA=="
      },
      "FastExpressionCompiler": {
        "type": "Transitive",
        "resolved": "5.4.1",
        "contentHash": "nqMykMspK5cQd35Y8ulQzAujxCcCwZVUne32pC5xNpXqrbPCuKOPMWkKHJ3LveAZPm6dsVvump0TJ1SZ9RzfTQ=="
      },
      "Google.Protobuf": {
        "type": "Transitive",
        "resolved": "3.31.1",
        "contentHash": "gSnJbUmGiOTdWddPhqzrEscHq9Ls6sqRDPB9WptckyjTUyx70JOOAaDLkFff8gManZNN3hllQ4aQInnQyq/Z/A=="
      },
      "Grpc.AspNetCore.Server.ClientFactory": {
        "type": "Transitive",
        "resolved": "2.83.0",
        "contentHash": "DrX1dE9WJNOsaKDQpD1gQaVE567jMNfhpBuG6P2NvGhirf2HZczfIJtd2d1L+steYh0YZ1q57Sa1ZHuufMPYBw==",
        "dependencies": {
          "Grpc.AspNetCore.Server": "2.83.0",
          "Grpc.Net.ClientFactory": "2.83.0"
        }
      },
      "Grpc.Core.Api": {
        "type": "Transitive",
        "resolved": "2.83.0",
        "contentHash": "xU8BT2bCw4Ct+/qIFJhhjkDEilKUbBOfp4US7l3Xa3hnlkN9l2LgISCbOw4PFYpW5jJFcK7FUAyWOFIQ94Hiqg=="
      },
      "Grpc.Net.ClientFactory": {
        "type": "Transitive",
        "resolved": "2.83.0",
        "contentHash": "j07orG5YnET3n5+TnczHCQsyWL3a4n/lJlIS88B3Zffylpp0RkcPzLv4ILAwKmOWOBvbBHiytPzAwJ8p7JomEQ==",
        "dependencies": {
          "Grpc.Net.Client": "2.83.0"
        }
      },
      "Grpc.Net.Common": {
        "type": "Transitive",
        "resolved": "2.83.0",
        "contentHash": "9w52xxORdIGu4Mm8lff3psMIlarenu+7TC4uIfiiW9AyaHZ6iPE/18gIkG1DD9byGDuhjuhnN9hiviBUAmCuZw==",
        "dependencies": {
          "Grpc.Core.Api": "2.83.0"
        }
      },
      "ImTools": {
        "type": "Transitive",
        "resolved": "4.0.0",
        "contentHash": "dms0JfLKC9AQbQX/EdpRjn59EjEvaCxIgv1z9YxbEQb5SiOVoo7vlIKdEySeEwUkWhN05rZnNpUpG+aw5VqPVQ=="
      },
      "JasperFx": {
        "type": "Transitive",
        "resolved": "2.57.2",
        "contentHash": "BM6RXjex92dvuzJC9F71wB1fEflZ2cdQO96xoHur20g4N1Hz2U0ztORiA7XUOChPY1Bp6QrgVFgYHjihuN41LA==",
        "dependencies": {
          "FastExpressionCompiler": "5.4.1",
          "ImTools": "4.0.0",
          "Microsoft.Bcl.TimeProvider": "10.0.0",
          "Polly.Core": "8.6.5",
          "Spectre.Console": "0.55.0"
        }
      },
      "JasperFx.Events": {
        "type": "Transitive",
        "resolved": "2.57.2",
        "contentHash": "INckjtQVS+fkAolyqCGcyZlnTJUBf9/mQtsWomx9TkcoqDw3six+RuSckog72gbRvC0MgPliK5CmzdMIsBlfmA==",
        "dependencies": {
          "JasperFx": "2.57.2"
        }
      },
      "JasperFx.SourceGenerator": {
        "type": "Transitive",
        "resolved": "2.57.2",
        "contentHash": "9CC8Gpf2ewYkJgYMB0daqn1KuLvOtceZZlj3KvjrMJgb6Pw/t7bCwjHNjJiLXyYn3F63k5WrycijUvQ113kpXw=="
      },
      "Microsoft.Bcl.TimeProvider": {
        "type": "Transitive",
        "resolved": "10.0.0",
        "contentHash": "bUubrBD6tRJE3V1kvRloYc6NymH3R5oFKjAS9e0ELNx6u0ZR+zjps9dDQyjgqN/rArzl7f+21KGszj3YRN7F2Q=="
      },
      "Microsoft.CodeCoverage": {
        "type": "Transitive",
        "resolved": "18.9.0",
        "contentHash": "MtegCIKGuG0r/LCdIjoR1HgzCGIUBhR3aNdbtQpts5vMXQuqBDZ2Jsd2uFKoHFM2XrQV6ZrDf3F5oLi3SLTp8w=="
      },
      "Microsoft.EntityFrameworkCore.Abstractions": {
        "type": "Transitive",
        "resolved": "10.0.11",
        "contentHash": "6auJR+9+9VunznKfH7WGrHMrnrmA0F7JZ22EXzwXvVhjfnbu9Xq7NSIWaOf3KJsOanM2qf5ajJ2JR5TlcPZTLA=="
      },
      "Microsoft.EntityFrameworkCore.Analyzers": {
        "type": "Transitive",
        "resolved": "10.0.11",
        "contentHash": "Bv7X4wSSnzCQED9WYXKJ8fwgyvKwf0xZM1GO8xkf6CF9zl+UBnvjxmcPnokJRy0JKjc1SlHSzzhx1HcL4jitTQ=="
      },
      "Microsoft.TestPlatform.ObjectModel": {
        "type": "Transitive",
        "resolved": "18.9.0",
        "contentHash": "Fz/qXC52VXXopzHj7v2reCKcCqSxkTDCkEDfkNAH0vni/7qK/KLMiEYtRmnUanxO2F2g2zZZ60qCpxF0AF7URA=="
      },
      "Microsoft.TestPlatform.TestHost": {
        "type": "Transitive",
        "resolved": "18.9.0",
        "contentHash": "Oq+Pma/J86aZL72t71bcESvDszDsTjUfl6PIsuDdPoKTHZfNMhKamCfLD5fKx51W/u0KozXtJo2/3fnt0sgPxg==",
        "dependencies": {
          "Microsoft.TestPlatform.ObjectModel": "18.9.0"
        }
      },
      "NewId": {
        "type": "Transitive",
        "resolved": "4.0.1",
        "contentHash": "jegBasNndmG21G3BmT51suFDCIz/sLN81j+IxmkZ4iWoaDi8LygeHiyNnYbXz5OQh9nCRJFIx1+PJrlYi1Gc9Q=="
      },
      "Npgsql": {
        "type": "Transitive",
        "resolved": "10.0.3",
        "contentHash": "7nb5YzXuvWWJxB0J8DiyL3we+X4FOctZrt0fIBnucOIaIevFEEwGQVZKtiu9olXdlNAK1eNgqSral6r/jlhI4w=="
      },
      "Polly.Core": {
        "type": "Transitive",
        "resolved": "8.6.5",
        "contentHash": "t+sUVrIwvo7UmsgHGgOG9F0GDZSRIm47u2ylH17Gvcv1q5hNEwgD5GoBlFyc0kh/pebmPyrAgvGsR/65ZBaXlg=="
      },
      "Spectre.Console": {
        "type": "Transitive",
        "resolved": "0.55.0",
        "contentHash": "2TVhUHFsDux0Z+y2Hv4bFsOMuON4SuotEEKkMparFkp5Rm259naaaEQrN4Sv6C1cbsiGKPjfkJDGgUp+hZPjTw==",
        "dependencies": {
          "Spectre.Console.Ansi": "0.55.0"
        }
      },
      "Spectre.Console.Ansi": {
        "type": "Transitive",
        "resolved": "0.55.0",
        "contentHash": "GIfgOvuF8MpU52bprhwtDEtx0gmVIGOepM8bw0lH/TSMD0rg1Xp+5Y53kPG8rFVdcpbNANlhDQ5mEVVPO3/2Tg=="
      },
      "xunit.abstractions": {
        "type": "Transitive",
        "resolved": "2.0.3",
        "contentHash": "pot1I4YOxlWjIb5jmwvvQNbTrZ3lJQ+jUGkGjWE3hEFM0l5gOnBWS+H3qsex68s5cO52g+44vpGzhAt+42vwKg=="
      },
      "xunit.analyzers": {
        "type": "Transitive",
        "resolved": "1.18.0",
        "contentHash": "OtFMHN8yqIcYP9wcVIgJrq01AfTxijjAqVDy/WeQVSyrDC1RzBWeQPztL49DN2syXRah8TYnfvk035s7L95EZQ=="
      },
      "xunit.assert": {
        "type": "Transitive",
        "resolved": "2.9.3",
        "contentHash": "/Kq28fCE7MjOV42YLVRAJzRF0WmEqsmflm0cfpMjGtzQ2lR5mYVj1/i0Y8uDAOLczkL3/jArrwehfMD0YogMAA=="
      },
      "xunit.core": {
        "type": "Transitive",
        "resolved": "2.9.3",
        "contentHash": "BiAEvqGvyme19wE0wTKdADH+NloYqikiU0mcnmiNyXaF9HyHmE6sr/3DC5vnBkgsWaE6yPyWszKSPSApWdRVeQ==",
        "dependencies": {
          "xunit.extensibility.core": "[2.9.3]",
          "xunit.extensibility.execution": "[2.9.3]"
        }
      },
      "xunit.extensibility.core": {
        "type": "Transitive",
        "resolved": "2.9.3",
        "contentHash": "kf3si0YTn2a8J8eZNb+zFpwfoyvIrQ7ivNk5ZYA5yuYk1bEtMe4DxJ2CF/qsRgmEnDr7MnW1mxylBaHTZ4qErA==",
        "dependencies": {
          "xunit.abstractions": "2.0.3"
        }
      },
      "xunit.extensibility.execution": {
        "type": "Transitive",
        "resolved": "2.9.3",
        "contentHash": "yMb6vMESlSrE3Wfj7V6cjQ3S4TXdXpRqYeNEI3zsX31uTsGMJjEw6oD5F5u1cHnMptjhEECnmZSsPxB6ChZHDQ==",
        "dependencies": {
          "xunit.extensibility.core": "[2.9.3]"
        }
      },
      "mpcore.application": {
        "type": "Project"
      },
      "mpcore.domain": {
        "type": "Project"
      },
      "mpcore.localization": {
        "type": "Project",
        "dependencies": {
          "MPCore.Application": "[0.10.0, )"
        }
      },
      "mpcore.localization.entityframeworkcore.postgresql": {
        "type": "Project",
        "dependencies": {
          "MPCore.Application": "[0.10.0, )",
          "MPCore.Localization": "[0.10.0, )",
          "Microsoft.EntityFrameworkCore": "[10.0.11, )",
          "Microsoft.EntityFrameworkCore.Relational": "[10.0.11, )",
          "Npgsql.EntityFrameworkCore.PostgreSQL": "[10.0.3, )"
        }
      },
      "mpcore.transport.grpc": {
        "type": "Project",
        "dependencies": {
          "Google.Api.CommonProtos": "[2.17.0, )",
          "Grpc.AspNetCore.Server": "[2.83.0, )",
          "Grpc.StatusProto": "[2.83.0, )",
          "MPCore.Application": "[0.10.0, )",
          "MPCore.Domain": "[0.10.0, )"
        }
      },
      "mpcore.transport.http": {
        "type": "Project",
        "dependencies": {
          "MPCore.Application": "[0.10.0, )",
          "MPCore.Domain": "[0.10.0, )"
        }
      },
      "mpcore.validation.fluentvalidation": {
        "type": "Project",
        "dependencies": {
          "FluentValidation": "[12.1.1, )",
          "FluentValidation.DependencyInjectionExtensions": "[12.1.1, )",
          "MPCore.Application": "[0.10.0, )",
          "WolverineFx": "[6.31.0, )",
          "WolverineFx.FluentValidation": "[6.31.0, )"
        }
      },
      "FluentValidation": {
        "type": "CentralTransitive",
        "requested": "[12.1.1, )",
        "resolved": "12.1.1",
        "contentHash": "EPpkIe1yh1a0OXyC100oOA8WMbZvqUu5plwhvYcb7oSELfyUZzfxV48BLhvs3kKo4NwG7MGLNgy1RJiYtT8Dpw=="
      },
      "FluentValidation.DependencyInjectionExtensions": {
        "type": "CentralTransitive",
        "requested": "[12.1.1, )",
        "resolved": "12.1.1",
        "contentHash": "D0VXh4dtjjX2aQizuaa0g6R8X3U1JaVqJPfGCvLwZX9t/O2h7tkpbitbadQMfwcgSPdDbI2vDxuwRMv/Uf9dHA==",
        "dependencies": {
          "FluentValidation": "12.1.1"
        }
      },
      "Google.Api.CommonProtos": {
        "type": "CentralTransitive",
        "requested": "[2.17.0, )",
        "resolved": "2.17.0",
        "contentHash": "elfQPknFr495hm7vdy6ZlgyQh6yzZq9TU7sS35L/Fj/fqjM/mUGau9gVJLhvQEtUlPjtR80hpn/m9HvBMyCXIw==",
        "dependencies": {
          "Google.Protobuf": "[3.31.1, 4.0.0]"
        }
      },
      "Grpc.AspNetCore.Server": {
        "type": "CentralTransitive",
        "requested": "[2.83.0, )",
        "resolved": "2.83.0",
        "contentHash": "rWeSaXaSPIIerc82lhHKqmzlp/sgLnG+Zw1c3YEEVp/un+hJKPxJOXWuGUOS2cs3EvcZBZ2tliXsnAg5Mdk2Ew==",
        "dependencies": {
          "Grpc.Net.Common": "2.83.0"
        }
      },
      "Microsoft.EntityFrameworkCore": {
        "type": "CentralTransitive",
        "requested": "[10.0.11, )",
        "resolved": "10.0.11",
        "contentHash": "VOSGU8en6HZJs8t7UMFN+9vGcRgVOOn6fA44Ngcg2NyvJ3P1KE94iAb0XzaVaGhXGtt+qaM/VtEn0/hzluQJeg==",
        "dependencies": {
          "Microsoft.EntityFrameworkCore.Abstractions": "10.0.11",
          "Microsoft.EntityFrameworkCore.Analyzers": "10.0.11"
        }
      },
      "Microsoft.EntityFrameworkCore.Relational": {
        "type": "CentralTransitive",
        "requested": "[10.0.11, )",
        "resolved": "10.0.11",
        "contentHash": "grznnTJgEYxaWpdKAsTzg6j+89jHgCXWYp+QGtlX5O92+w/VuhWM6JLPYb+uw8M9VhGUvOTsO76dYOy9vNPd5Q==",
        "dependencies": {
          "Microsoft.EntityFrameworkCore": "10.0.11"
        }
      },
      "Npgsql.EntityFrameworkCore.PostgreSQL": {
        "type": "CentralTransitive",
        "requested": "[10.0.3, )",
        "resolved": "10.0.3",
        "contentHash": "IPGrrZnRkuW7OlHDhUESZz4G5DLkW7Nej/O3Cx+0iTsgyU5XJxBgpsvTHLloo3WWuAKKbDHXBvWPVkX1deRh1Q==",
        "dependencies": {
          "Microsoft.EntityFrameworkCore": "[10.0.4, 11.0.0)",
          "Microsoft.EntityFrameworkCore.Relational": "[10.0.4, 11.0.0)",
          "Npgsql": "10.0.3"
        }
      },
      "WolverineFx": {
        "type": "CentralTransitive",
        "requested": "[6.31.0, )",
        "resolved": "6.31.0",
        "contentHash": "l1OnvsJAvkuNl0DFzCmrSzNQRWk3QIRITO/Ei7gDeJd6VsS85XCizvNYkH4Bsac4eg9PLfUga1OpWWbjmlGQqg==",
        "dependencies": {
          "JasperFx": "2.57.2",
          "JasperFx.Events": "2.57.2",
          "JasperFx.SourceGenerator": "2.57.2",
          "NewId": "4.0.1"
        }
      },
      "WolverineFx.FluentValidation": {
        "type": "CentralTransitive",
        "requested": "[6.31.0, )",
        "resolved": "6.31.0",
        "contentHash": "ygkIw+/qjSv275y369aE6I9E1aCp46Rdi6mob2ScsZTfpyfNiYKBb3RkOiCL4xFZFKrOUzT2/7qu3iTNhqQNkg==",
        "dependencies": {
          "FluentValidation": "12.0.0",
          "WolverineFx": "6.31.0"
        }
      }
    }
  }
}